// !$*UTF8*$!
{
	archiveVersion = 1;
	classes = {
	};
	objectVersion = 54;
	objects = {

/* Begin PBXBuildFile section */
		8B19D5322964EBE900F2DD0B /* BookScreen.swift in Sources */ = {isa = PBXBuildFile; fileRef = 8B19D5312964EBE900F2DD0B /* BookScreen.swift */; };
		8B19D5342969599F00F2DD0B /* BookPageView.swift in Sources */ = {isa = PBXBuildFile; fileRef = 8B19D5332969599F00F2DD0B /* BookPageView.swift */; };
		8B19D536296959C300F2DD0B /* SectionPageView.swift in Sources */ = {isa = PBXBuildFile; fileRef = 8B19D535296959C300F2DD0B /* SectionPageView.swift */; };
		8B19D538296959E300F2DD0B /* SongPageView.swift in Sources */ = {isa = PBXBuildFile; fileRef = 8B19D537296959E300F2DD0B /* SongPageView.swift */; };
		8B19D53C296CA0E700F2DD0B /* RedGradientView.swift in Sources */ = {isa = PBXBuildFile; fileRef = 8B19D53B296CA0E700F2DD0B /* RedGradientView.swift */; };
		8B1BCECB298FF19D0093817C /* QuickLook.framework in Frameworks */ = {isa = PBXBuildFile; fileRef = 8B1BCECA298FF19D0093817C /* QuickLook.framework */; };
		8B1BCECE298FF19D0093817C /* PreviewViewController.swift in Sources */ = {isa = PBXBuildFile; fileRef = 8B1BCECD298FF19D0093817C /* PreviewViewController.swift */; };
		8B1BCED7298FF19D0093817C /* songbookQuickLook.appex in Embed Foundation Extensions */ = {isa = PBXBuildFile; fileRef = 8B1BCEC8298FF19D0093817C /* songbookQuickLook.appex */; settings = {ATTRIBUTES = (RemoveHeadersOnCopy, ); }; };
		8B1BCEE2299005FB0093817C /* QuickLookThumbnailing.framework in Frameworks */ = {isa = PBXBuildFile; fileRef = 8B1BCEE1299005FB0093817C /* QuickLookThumbnailing.framework */; };
		8B1BCEE5299005FB0093817C /* ThumbnailProvider.swift in Sources */ = {isa = PBXBuildFile; fileRef = 8B1BCEE4299005FB0093817C /* ThumbnailProvider.swift */; };
		8B1BCEE9299005FB0093817C /* songbookThumbnail.appex in Embed Foundation Extensions */ = {isa = PBXBuildFile; fileRef = 8B1BCEE0299005FB0093817C /* songbookThumbnail.appex */; settings = {ATTRIBUTES = (RemoveHeadersOnCopy, ); }; };
		8B1BCEED299006D10093817C /* Icon.png in Resources */ = {isa = PBXBuildFile; fileRef = 8B6899CC295B9E97000525B4 /* Icon.png */; };
		8B1BCEEF299013180093817C /* Icon.png in Resources */ = {isa = PBXBuildFile; fileRef = 8B6899CC295B9E97000525B4 /* Icon.png */; };
		8B1BCEF1299098AF0093817C /* PreviewView.swift in Sources */ = {isa = PBXBuildFile; fileRef = 8B1BCEF0299098AF0093817C /* PreviewView.swift */; };
		8B1BCEF82995B7A00093817C /* VerticalRatioLayout.swift in Sources */ = {isa = PBXBuildFile; fileRef = 8B1BCEF72995B7A00093817C /* VerticalRatioLayout.swift */; };
		8B1BCEFB299980670093817C /* Appearance.swift in Sources */ = {isa = PBXBuildFile; fileRef = 8B1BCEFA299980670093817C /* Appearance.swift */; };
		8B1BCEFD2999943A0093817C /* FontMode.swift in Sources */ = {isa = PBXBuildFile; fileRef = 8B1BCEFC2999943A0093817C /* FontMode.swift */; };
		8B1BCF012999AC570093817C /* APHont-Bold_q15c.ttf in Resources */ = {isa = PBXBuildFile; fileRef = 8B1BCEFF2999AC570093817C /* APHont-Bold_q15c.ttf */; };
		8B1BCF022999AC570093817C /* APHont-Regular_q15c.ttf in Resources */ = {isa = PBXBuildFile; fileRef = 8B1BCF002999AC570093817C /* APHont-Regular_q15c.ttf */; };
		8B1BCF042999AED50093817C /* Atkinson-Hyperlegible-Regular-102.otf in Resources */ = {isa = PBXBuildFile; fileRef = 8B1BCF032999AED50093817C /* Atkinson-Hyperlegible-Regular-102.otf */; };
		8B1BCF062999B3760093817C /* Atkinson-Hyperlegible-Bold-102.otf in Resources */ = {isa = PBXBuildFile; fileRef = 8B1BCF052999B3760093817C /* Atkinson-Hyperlegible-Bold-102.otf */; };
		8B1BCF082999B5440093817C /* FontPicker.swift in Sources */ = {isa = PBXBuildFile; fileRef = 8B1BCF072999B5430093817C /* FontPicker.swift */; };
		8B1BCF0A2999E4F40093817C /* StorageKey.swift in Sources */ = {isa = PBXBuildFile; fileRef = 8B1BCF092999E4F40093817C /* StorageKey.swift */; };
		8B1D3AF629E057BA00878D16 /* AudioPlayerProgress.swift in Sources */ = {isa = PBXBuildFile; fileRef = 8B1D3AF529E057BA00878D16 /* AudioPlayerProgress.swift */; };
		8B1D3AF829E4928900878D16 /* ComparableExtensions.swift in Sources */ = {isa = PBXBuildFile; fileRef = 8B1D3AF729E4928900878D16 /* ComparableExtensions.swift */; };
		8B1D3AFA29FAB22400878D16 /* RemoteController.swift in Sources */ = {isa = PBXBuildFile; fileRef = 8B1D3AF929FAB22400878D16 /* RemoteController.swift */; };
		8B1D3AFC2A03284B00878D16 /* NowPlayingManager.swift in Sources */ = {isa = PBXBuildFile; fileRef = 8B1D3AFB2A03284B00878D16 /* NowPlayingManager.swift */; };
		8B1D3B002A048AD200878D16 /* ServiceContainer.swift in Sources */ = {isa = PBXBuildFile; fileRef = 8B1D3AFF2A048AD200878D16 /* ServiceContainer.swift */; };
		8B1D3B022A05A7CF00878D16 /* Playlist.swift in Sources */ = {isa = PBXBuildFile; fileRef = 8B1D3B012A05A7CF00878D16 /* Playlist.swift */; };
		8B1D3B042A061F6700878D16 /* Synchronizer.swift in Sources */ = {isa = PBXBuildFile; fileRef = 8B1D3B032A061F6700878D16 /* Synchronizer.swift */; };
		8B1D3B062A11CC9D00878D16 /* AudioSessionManager.swift in Sources */ = {isa = PBXBuildFile; fileRef = 8B1D3B052A11CC9D00878D16 /* AudioSessionManager.swift */; };
		8B53A4BA29BD10050082CC29 /* AudioPlayer.swift in Sources */ = {isa = PBXBuildFile; fileRef = 8B53A4B929BD10050082CC29 /* AudioPlayer.swift */; };
		8B5954752A21A56300A91EF6 /* AudioPlayerDelegate.swift in Sources */ = {isa = PBXBuildFile; fileRef = 8B5954742A21A56300A91EF6 /* AudioPlayerDelegate.swift */; };
		8B6899CD295B9E97000525B4 /* Icon.png in Resources */ = {isa = PBXBuildFile; fileRef = 8B6899CC295B9E97000525B4 /* Icon.png */; };
		8B6899D3295BA328000525B4 /* BookModel in Frameworks */ = {isa = PBXBuildFile; productRef = 8B6899D2295BA328000525B4 /* BookModel */; };
		8B6899D829629F6C000525B4 /* default.songbook in Resources */ = {isa = PBXBuildFile; fileRef = 8B6899D729629F6C000525B4 /* default.songbook */; };
		8B6899DA2963D7AA000525B4 /* Theme.swift in Sources */ = {isa = PBXBuildFile; fileRef = 8B6899D92963D7AA000525B4 /* Theme.swift */; };
		8B738AE42A3B47D5001040D9 /* Debouncer.swift in Sources */ = {isa = PBXBuildFile; fileRef = 8B738AE32A3B47D5001040D9 /* Debouncer.swift */; };
		8B79231329CBAC2A002119D4 /* MainMenu.swift in Sources */ = {isa = PBXBuildFile; fileRef = 8B79231229CBAC2A002119D4 /* MainMenu.swift */; };
		8B79231529CBAEED002119D4 /* FontScreen.swift in Sources */ = {isa = PBXBuildFile; fileRef = 8B79231429CBAEED002119D4 /* FontScreen.swift */; };
		8B79231929CBD0D0002119D4 /* ProgressBar.swift in Sources */ = {isa = PBXBuildFile; fileRef = 8B79231829CBD0D0002119D4 /* ProgressBar.swift */; };
		8B79231B29CBE28E002119D4 /* PlaybackModeButton.swift in Sources */ = {isa = PBXBuildFile; fileRef = 8B79231A29CBE28E002119D4 /* PlaybackModeButton.swift */; };
		8B79231E29CBEB02002119D4 /* PlaybackMode.swift in Sources */ = {isa = PBXBuildFile; fileRef = 8B79231D29CBEB02002119D4 /* PlaybackMode.swift */; };
		8B7FE19925577DA500D64403 /* SongbookApp.swift in Sources */ = {isa = PBXBuildFile; fileRef = 8B7FE19825577DA500D64403 /* SongbookApp.swift */; };
		8B7FE19B25577DA500D64403 /* MainScreen.swift in Sources */ = {isa = PBXBuildFile; fileRef = 8B7FE19A25577DA500D64403 /* MainScreen.swift */; };
		8B7FE19D25577DA500D64403 /* Assets.xcassets in Resources */ = {isa = PBXBuildFile; fileRef = 8B7FE19C25577DA500D64403 /* Assets.xcassets */; };
		8B7FE1A025577DA500D64403 /* Preview Assets.xcassets in Resources */ = {isa = PBXBuildFile; fileRef = 8B7FE19F25577DA500D64403 /* Preview Assets.xcassets */; };
		8B7FE1B025577DA600D64403 /* SongbookTests.swift in Sources */ = {isa = PBXBuildFile; fileRef = 8B7FE1AF25577DA600D64403 /* SongbookTests.swift */; };
		8B7FE1BB25577DA600D64403 /* SongbookUITests.swift in Sources */ = {isa = PBXBuildFile; fileRef = 8B7FE1BA25577DA600D64403 /* SongbookUITests.swift */; };
		8B8DE4A32A319E4700335169 /* UserDefaultsObserver.swift in Sources */ = {isa = PBXBuildFile; fileRef = 8B8DE4A22A319E4700335169 /* UserDefaultsObserver.swift */; };
		8BA0DFD42A61C86400A23C44 /* SearchScreen.swift in Sources */ = {isa = PBXBuildFile; fileRef = 8BA0DFD32A61C86400A23C44 /* SearchScreen.swift */; };
/* End PBXBuildFile section */

/* Begin PBXContainerItemProxy section */
		8B1BCED5298FF19D0093817C /* PBXContainerItemProxy */ = {
			isa = PBXContainerItemProxy;
			containerPortal = 8B7FE18D25577DA500D64403 /* Project object */;
			proxyType = 1;
			remoteGlobalIDString = 8B1BCEC7298FF19D0093817C;
			remoteInfo = songbookQuickLook;
		};
		8B1BCEE7299005FB0093817C /* PBXContainerItemProxy */ = {
			isa = PBXContainerItemProxy;
			containerPortal = 8B7FE18D25577DA500D64403 /* Project object */;
			proxyType = 1;
			remoteGlobalIDString = 8B1BCEDF299005FB0093817C;
			remoteInfo = songbookThumbnail;
		};
		8B7FE1AC25577DA600D64403 /* PBXContainerItemProxy */ = {
			isa = PBXContainerItemProxy;
			containerPortal = 8B7FE18D25577DA500D64403 /* Project object */;
			proxyType = 1;
			remoteGlobalIDString = 8B7FE19425577DA500D64403;
			remoteInfo = songbook;
		};
		8B7FE1B725577DA600D64403 /* PBXContainerItemProxy */ = {
			isa = PBXContainerItemProxy;
			containerPortal = 8B7FE18D25577DA500D64403 /* Project object */;
			proxyType = 1;
			remoteGlobalIDString = 8B7FE19425577DA500D64403;
			remoteInfo = songbook;
		};
/* End PBXContainerItemProxy section */

/* Begin PBXCopyFilesBuildPhase section */
		8B1BCED8298FF19D0093817C /* Embed Foundation Extensions */ = {
			isa = PBXCopyFilesBuildPhase;
			buildActionMask = 2147483647;
			dstPath = "";
			dstSubfolderSpec = 13;
			files = (
				8B1BCED7298FF19D0093817C /* songbookQuickLook.appex in Embed Foundation Extensions */,
				8B1BCEE9299005FB0093817C /* songbookThumbnail.appex in Embed Foundation Extensions */,
			);
			name = "Embed Foundation Extensions";
			runOnlyForDeploymentPostprocessing = 0;
		};
/* End PBXCopyFilesBuildPhase section */

/* Begin PBXFileReference section */
		8B19D5312964EBE900F2DD0B /* BookScreen.swift */ = {isa = PBXFileReference; lastKnownFileType = sourcecode.swift; path = BookScreen.swift; sourceTree = "<group>"; };
		8B19D5332969599F00F2DD0B /* BookPageView.swift */ = {isa = PBXFileReference; lastKnownFileType = sourcecode.swift; path = BookPageView.swift; sourceTree = "<group>"; };
		8B19D535296959C300F2DD0B /* SectionPageView.swift */ = {isa = PBXFileReference; lastKnownFileType = sourcecode.swift; path = SectionPageView.swift; sourceTree = "<group>"; };
		8B19D537296959E300F2DD0B /* SongPageView.swift */ = {isa = PBXFileReference; lastKnownFileType = sourcecode.swift; path = SongPageView.swift; sourceTree = "<group>"; };
		8B19D53B296CA0E700F2DD0B /* RedGradientView.swift */ = {isa = PBXFileReference; lastKnownFileType = sourcecode.swift; path = RedGradientView.swift; sourceTree = "<group>"; };
		8B1BCEC8298FF19D0093817C /* songbookQuickLook.appex */ = {isa = PBXFileReference; explicitFileType = "wrapper.app-extension"; includeInIndex = 0; path = songbookQuickLook.appex; sourceTree = BUILT_PRODUCTS_DIR; };
		8B1BCECA298FF19D0093817C /* QuickLook.framework */ = {isa = PBXFileReference; lastKnownFileType = wrapper.framework; name = QuickLook.framework; path = System/Library/Frameworks/QuickLook.framework; sourceTree = SDKROOT; };
		8B1BCECD298FF19D0093817C /* PreviewViewController.swift */ = {isa = PBXFileReference; lastKnownFileType = sourcecode.swift; path = PreviewViewController.swift; sourceTree = "<group>"; };
		8B1BCED4298FF19D0093817C /* Info.plist */ = {isa = PBXFileReference; lastKnownFileType = text.plist.xml; path = Info.plist; sourceTree = "<group>"; };
		8B1BCEE0299005FB0093817C /* songbookThumbnail.appex */ = {isa = PBXFileReference; explicitFileType = "wrapper.app-extension"; includeInIndex = 0; path = songbookThumbnail.appex; sourceTree = BUILT_PRODUCTS_DIR; };
		8B1BCEE1299005FB0093817C /* QuickLookThumbnailing.framework */ = {isa = PBXFileReference; lastKnownFileType = wrapper.framework; name = QuickLookThumbnailing.framework; path = System/Library/Frameworks/QuickLookThumbnailing.framework; sourceTree = SDKROOT; };
		8B1BCEE4299005FB0093817C /* ThumbnailProvider.swift */ = {isa = PBXFileReference; lastKnownFileType = sourcecode.swift; path = ThumbnailProvider.swift; sourceTree = "<group>"; };
		8B1BCEE6299005FB0093817C /* Info.plist */ = {isa = PBXFileReference; lastKnownFileType = text.plist.xml; path = Info.plist; sourceTree = "<group>"; };
		8B1BCEF0299098AF0093817C /* PreviewView.swift */ = {isa = PBXFileReference; lastKnownFileType = sourcecode.swift; path = PreviewView.swift; sourceTree = "<group>"; };
		8B1BCEF72995B7A00093817C /* VerticalRatioLayout.swift */ = {isa = PBXFileReference; lastKnownFileType = sourcecode.swift; path = VerticalRatioLayout.swift; sourceTree = "<group>"; };
		8B1BCEFA299980670093817C /* Appearance.swift */ = {isa = PBXFileReference; lastKnownFileType = sourcecode.swift; path = Appearance.swift; sourceTree = "<group>"; };
		8B1BCEFC2999943A0093817C /* FontMode.swift */ = {isa = PBXFileReference; lastKnownFileType = sourcecode.swift; path = FontMode.swift; sourceTree = "<group>"; };
		8B1BCEFF2999AC570093817C /* APHont-Bold_q15c.ttf */ = {isa = PBXFileReference; lastKnownFileType = file; path = "APHont-Bold_q15c.ttf"; sourceTree = "<group>"; };
		8B1BCF002999AC570093817C /* APHont-Regular_q15c.ttf */ = {isa = PBXFileReference; lastKnownFileType = file; path = "APHont-Regular_q15c.ttf"; sourceTree = "<group>"; };
		8B1BCF032999AED50093817C /* Atkinson-Hyperlegible-Regular-102.otf */ = {isa = PBXFileReference; lastKnownFileType = file; path = "Atkinson-Hyperlegible-Regular-102.otf"; sourceTree = "<group>"; };
		8B1BCF052999B3760093817C /* Atkinson-Hyperlegible-Bold-102.otf */ = {isa = PBXFileReference; lastKnownFileType = file; path = "Atkinson-Hyperlegible-Bold-102.otf"; sourceTree = "<group>"; };
		8B1BCF072999B5430093817C /* FontPicker.swift */ = {isa = PBXFileReference; lastKnownFileType = sourcecode.swift; path = FontPicker.swift; sourceTree = "<group>"; };
		8B1BCF092999E4F40093817C /* StorageKey.swift */ = {isa = PBXFileReference; lastKnownFileType = sourcecode.swift; path = StorageKey.swift; sourceTree = "<group>"; };
		8B1D3AF529E057BA00878D16 /* AudioPlayerProgress.swift */ = {isa = PBXFileReference; lastKnownFileType = sourcecode.swift; path = AudioPlayerProgress.swift; sourceTree = "<group>"; };
		8B1D3AF729E4928900878D16 /* ComparableExtensions.swift */ = {isa = PBXFileReference; lastKnownFileType = sourcecode.swift; path = ComparableExtensions.swift; sourceTree = "<group>"; };
		8B1D3AF929FAB22400878D16 /* RemoteController.swift */ = {isa = PBXFileReference; lastKnownFileType = sourcecode.swift; path = RemoteController.swift; sourceTree = "<group>"; };
		8B1D3AFB2A03284B00878D16 /* NowPlayingManager.swift */ = {isa = PBXFileReference; lastKnownFileType = sourcecode.swift; path = NowPlayingManager.swift; sourceTree = "<group>"; };
		8B1D3AFF2A048AD200878D16 /* ServiceContainer.swift */ = {isa = PBXFileReference; lastKnownFileType = sourcecode.swift; path = ServiceContainer.swift; sourceTree = "<group>"; };
		8B1D3B012A05A7CF00878D16 /* Playlist.swift */ = {isa = PBXFileReference; lastKnownFileType = sourcecode.swift; path = Playlist.swift; sourceTree = "<group>"; };
		8B1D3B032A061F6700878D16 /* Synchronizer.swift */ = {isa = PBXFileReference; lastKnownFileType = sourcecode.swift; path = Synchronizer.swift; sourceTree = "<group>"; };
		8B1D3B052A11CC9D00878D16 /* AudioSessionManager.swift */ = {isa = PBXFileReference; lastKnownFileType = sourcecode.swift; path = AudioSessionManager.swift; sourceTree = "<group>"; };
		8B53A4B929BD10050082CC29 /* AudioPlayer.swift */ = {isa = PBXFileReference; fileEncoding = 4; lastKnownFileType = sourcecode.swift; path = AudioPlayer.swift; sourceTree = "<group>"; };
		8B5954742A21A56300A91EF6 /* AudioPlayerDelegate.swift */ = {isa = PBXFileReference; lastKnownFileType = sourcecode.swift; path = AudioPlayerDelegate.swift; sourceTree = "<group>"; };
		8B6899CB295B8A1C000525B4 /* BookModel */ = {isa = PBXFileReference; lastKnownFileType = wrapper; path = BookModel; sourceTree = "<group>"; };
		8B6899CC295B9E97000525B4 /* Icon.png */ = {isa = PBXFileReference; lastKnownFileType = image.png; path = Icon.png; sourceTree = "<group>"; };
		8B6899D729629F6C000525B4 /* default.songbook */ = {isa = PBXFileReference; lastKnownFileType = file; path = default.songbook; sourceTree = "<group>"; };
		8B6899D92963D7AA000525B4 /* Theme.swift */ = {isa = PBXFileReference; fileEncoding = 4; lastKnownFileType = sourcecode.swift; path = Theme.swift; sourceTree = "<group>"; };
		8B738AE32A3B47D5001040D9 /* Debouncer.swift */ = {isa = PBXFileReference; lastKnownFileType = sourcecode.swift; path = Debouncer.swift; sourceTree = "<group>"; };
		8B79231229CBAC2A002119D4 /* MainMenu.swift */ = {isa = PBXFileReference; lastKnownFileType = sourcecode.swift; path = MainMenu.swift; sourceTree = "<group>"; };
		8B79231429CBAEED002119D4 /* FontScreen.swift */ = {isa = PBXFileReference; lastKnownFileType = sourcecode.swift; path = FontScreen.swift; sourceTree = "<group>"; };
		8B79231829CBD0D0002119D4 /* ProgressBar.swift */ = {isa = PBXFileReference; lastKnownFileType = sourcecode.swift; path = ProgressBar.swift; sourceTree = "<group>"; };
		8B79231A29CBE28E002119D4 /* PlaybackModeButton.swift */ = {isa = PBXFileReference; lastKnownFileType = sourcecode.swift; path = PlaybackModeButton.swift; sourceTree = "<group>"; };
		8B79231D29CBEB02002119D4 /* PlaybackMode.swift */ = {isa = PBXFileReference; lastKnownFileType = sourcecode.swift; path = PlaybackMode.swift; sourceTree = "<group>"; };
		8B7FE19525577DA500D64403 /* songbook.app */ = {isa = PBXFileReference; explicitFileType = wrapper.application; includeInIndex = 0; path = songbook.app; sourceTree = BUILT_PRODUCTS_DIR; };
		8B7FE19825577DA500D64403 /* SongbookApp.swift */ = {isa = PBXFileReference; lastKnownFileType = sourcecode.swift; path = SongbookApp.swift; sourceTree = "<group>"; };
		8B7FE19A25577DA500D64403 /* MainScreen.swift */ = {isa = PBXFileReference; lastKnownFileType = sourcecode.swift; path = MainScreen.swift; sourceTree = "<group>"; };
		8B7FE19C25577DA500D64403 /* Assets.xcassets */ = {isa = PBXFileReference; lastKnownFileType = folder.assetcatalog; path = Assets.xcassets; sourceTree = "<group>"; };
		8B7FE19F25577DA500D64403 /* Preview Assets.xcassets */ = {isa = PBXFileReference; lastKnownFileType = folder.assetcatalog; path = "Preview Assets.xcassets"; sourceTree = "<group>"; };
		8B7FE1A625577DA500D64403 /* Info.plist */ = {isa = PBXFileReference; lastKnownFileType = text.plist.xml; path = Info.plist; sourceTree = "<group>"; };
		8B7FE1AB25577DA600D64403 /* songbookTests.xctest */ = {isa = PBXFileReference; explicitFileType = wrapper.cfbundle; includeInIndex = 0; path = songbookTests.xctest; sourceTree = BUILT_PRODUCTS_DIR; };
		8B7FE1AF25577DA600D64403 /* SongbookTests.swift */ = {isa = PBXFileReference; lastKnownFileType = sourcecode.swift; path = SongbookTests.swift; sourceTree = "<group>"; };
		8B7FE1B125577DA600D64403 /* Info.plist */ = {isa = PBXFileReference; lastKnownFileType = text.plist.xml; path = Info.plist; sourceTree = "<group>"; };
		8B7FE1B625577DA600D64403 /* songbookUITests.xctest */ = {isa = PBXFileReference; explicitFileType = wrapper.cfbundle; includeInIndex = 0; path = songbookUITests.xctest; sourceTree = BUILT_PRODUCTS_DIR; };
		8B7FE1BA25577DA600D64403 /* SongbookUITests.swift */ = {isa = PBXFileReference; lastKnownFileType = sourcecode.swift; path = SongbookUITests.swift; sourceTree = "<group>"; };
		8B7FE1BC25577DA600D64403 /* Info.plist */ = {isa = PBXFileReference; lastKnownFileType = text.plist.xml; path = Info.plist; sourceTree = "<group>"; };
		8B8DE4A22A319E4700335169 /* UserDefaultsObserver.swift */ = {isa = PBXFileReference; lastKnownFileType = sourcecode.swift; path = UserDefaultsObserver.swift; sourceTree = "<group>"; };
		8BA0DFD32A61C86400A23C44 /* SearchScreen.swift */ = {isa = PBXFileReference; lastKnownFileType = sourcecode.swift; path = SearchScreen.swift; sourceTree = "<group>"; };
/* End PBXFileReference section */

/* Begin PBXFrameworksBuildPhase section */
		8B1BCEC5298FF19D0093817C /* Frameworks */ = {
			isa = PBXFrameworksBuildPhase;
			buildActionMask = 2147483647;
			files = (
				8B1BCECB298FF19D0093817C /* QuickLook.framework in Frameworks */,
			);
			runOnlyForDeploymentPostprocessing = 0;
		};
		8B1BCEDD299005FB0093817C /* Frameworks */ = {
			isa = PBXFrameworksBuildPhase;
			buildActionMask = 2147483647;
			files = (
				8B1BCEE2299005FB0093817C /* QuickLookThumbnailing.framework in Frameworks */,
			);
			runOnlyForDeploymentPostprocessing = 0;
		};
		8B7FE19225577DA500D64403 /* Frameworks */ = {
			isa = PBXFrameworksBuildPhase;
			buildActionMask = 2147483647;
			files = (
				8B6899D3295BA328000525B4 /* BookModel in Frameworks */,
			);
			runOnlyForDeploymentPostprocessing = 0;
		};
		8B7FE1A825577DA600D64403 /* Frameworks */ = {
			isa = PBXFrameworksBuildPhase;
			buildActionMask = 2147483647;
			files = (
			);
			runOnlyForDeploymentPostprocessing = 0;
		};
		8B7FE1B325577DA600D64403 /* Frameworks */ = {
			isa = PBXFrameworksBuildPhase;
			buildActionMask = 2147483647;
			files = (
			);
			runOnlyForDeploymentPostprocessing = 0;
		};
/* End PBXFrameworksBuildPhase section */

/* Begin PBXGroup section */
		8B1BCEC9298FF19D0093817C /* Frameworks */ = {
			isa = PBXGroup;
			children = (
				8B1BCECA298FF19D0093817C /* QuickLook.framework */,
				8B1BCEE1299005FB0093817C /* QuickLookThumbnailing.framework */,
			);
			name = Frameworks;
			sourceTree = "<group>";
		};
		8B1BCECC298FF19D0093817C /* songbookQuickLook */ = {
			isa = PBXGroup;
			children = (
				8B1BCECD298FF19D0093817C /* PreviewViewController.swift */,
				8B1BCEF0299098AF0093817C /* PreviewView.swift */,
				8B1BCED4298FF19D0093817C /* Info.plist */,
			);
			path = songbookQuickLook;
			sourceTree = "<group>";
		};
		8B1BCEE3299005FB0093817C /* songbookThumbnail */ = {
			isa = PBXGroup;
			children = (
				8B1BCEE4299005FB0093817C /* ThumbnailProvider.swift */,
				8B1BCEE6299005FB0093817C /* Info.plist */,
			);
			path = songbookThumbnail;
			sourceTree = "<group>";
		};
		8B1BCEF92995EBC00093817C /* Pages */ = {
			isa = PBXGroup;
			children = (
				8B19D5332969599F00F2DD0B /* BookPageView.swift */,
				8B19D5312964EBE900F2DD0B /* BookScreen.swift */,
				8B19D535296959C300F2DD0B /* SectionPageView.swift */,
				8B19D537296959E300F2DD0B /* SongPageView.swift */,
			);
			path = Pages;
			sourceTree = "<group>";
		};
		8B1BCEFE2999AC3E0093817C /* Custom Fonts */ = {
			isa = PBXGroup;
			children = (
				8B1BCEFF2999AC570093817C /* APHont-Bold_q15c.ttf */,
				8B1BCF002999AC570093817C /* APHont-Regular_q15c.ttf */,
				8B1BCF032999AED50093817C /* Atkinson-Hyperlegible-Regular-102.otf */,
				8B1BCF052999B3760093817C /* Atkinson-Hyperlegible-Bold-102.otf */,
			);
			path = "Custom Fonts";
			sourceTree = "<group>";
		};
		8B6899CA295B8A1C000525B4 /* Packages */ = {
			isa = PBXGroup;
			children = (
				8B6899CB295B8A1C000525B4 /* BookModel */,
			);
			name = Packages;
			sourceTree = "<group>";
		};
		8B79231629CBB11E002119D4 /* Font Picker */ = {
			isa = PBXGroup;
			children = (
				8B1BCEFC2999943A0093817C /* FontMode.swift */,
				8B1BCF072999B5430093817C /* FontPicker.swift */,
				8B79231429CBAEED002119D4 /* FontScreen.swift */,
			);
			path = "Font Picker";
			sourceTree = "<group>";
		};
		8B79231729CBB40B002119D4 /* Main */ = {
			isa = PBXGroup;
			children = (
				8B79231229CBAC2A002119D4 /* MainMenu.swift */,
				8B7FE19A25577DA500D64403 /* MainScreen.swift */,
				8B79231A29CBE28E002119D4 /* PlaybackModeButton.swift */,
			);
			path = Main;
			sourceTree = "<group>";
		};
		8B79231C29CBE402002119D4 /* Audio */ = {
			isa = PBXGroup;
			children = (
				8B53A4B929BD10050082CC29 /* AudioPlayer.swift */,
				8B5954742A21A56300A91EF6 /* AudioPlayerDelegate.swift */,
				8B1D3B052A11CC9D00878D16 /* AudioSessionManager.swift */,
				8B1D3B032A061F6700878D16 /* Synchronizer.swift */,
				8B1D3B012A05A7CF00878D16 /* Playlist.swift */,
				8B1D3AF929FAB22400878D16 /* RemoteController.swift */,
				8B1D3AF529E057BA00878D16 /* AudioPlayerProgress.swift */,
				8B79231D29CBEB02002119D4 /* PlaybackMode.swift */,
				8B79231829CBD0D0002119D4 /* ProgressBar.swift */,
				8B1D3AFB2A03284B00878D16 /* NowPlayingManager.swift */,
			);
			path = Audio;
			sourceTree = "<group>";
		};
		8B7FE18C25577DA500D64403 = {
			isa = PBXGroup;
			children = (
				8B7FE19725577DA500D64403 /* songbook */,
				8B7FE1AE25577DA600D64403 /* songbookTests */,
				8B7FE1B925577DA600D64403 /* songbookUITests */,
				8B1BCECC298FF19D0093817C /* songbookQuickLook */,
				8B1BCEE3299005FB0093817C /* songbookThumbnail */,
				8B1BCEC9298FF19D0093817C /* Frameworks */,
				8B7FE19625577DA500D64403 /* Products */,
				8B6899CA295B8A1C000525B4 /* Packages */,
			);
			sourceTree = "<group>";
		};
		8B7FE19625577DA500D64403 /* Products */ = {
			isa = PBXGroup;
			children = (
				8B7FE19525577DA500D64403 /* songbook.app */,
				8B7FE1AB25577DA600D64403 /* songbookTests.xctest */,
				8B7FE1B625577DA600D64403 /* songbookUITests.xctest */,
				8B1BCEC8298FF19D0093817C /* songbookQuickLook.appex */,
				8B1BCEE0299005FB0093817C /* songbookThumbnail.appex */,
			);
			name = Products;
			sourceTree = "<group>";
		};
		8B7FE19725577DA500D64403 /* songbook */ = {
			isa = PBXGroup;
			children = (
				8B79231C29CBE402002119D4 /* Audio */,
				8B79231729CBB40B002119D4 /* Main */,
				8B1BCEF92995EBC00093817C /* Pages */,
				8BA0DFD22A61C84800A23C44 /* Search */,
				8B7FE1E72558BA9E00D64403 /* Supporting Files */,
			);
			path = songbook;
			sourceTree = "<group>";
		};
		8B7FE19E25577DA500D64403 /* Preview Content */ = {
			isa = PBXGroup;
			children = (
				8B7FE19F25577DA500D64403 /* Preview Assets.xcassets */,
			);
			path = "Preview Content";
			sourceTree = "<group>";
		};
		8B7FE1AE25577DA600D64403 /* songbookTests */ = {
			isa = PBXGroup;
			children = (
				8B7FE1AF25577DA600D64403 /* SongbookTests.swift */,
				8B7FE1B125577DA600D64403 /* Info.plist */,
			);
			path = songbookTests;
			sourceTree = "<group>";
		};
		8B7FE1B925577DA600D64403 /* songbookUITests */ = {
			isa = PBXGroup;
			children = (
				8B7FE1BA25577DA600D64403 /* SongbookUITests.swift */,
				8B7FE1BC25577DA600D64403 /* Info.plist */,
			);
			path = songbookUITests;
			sourceTree = "<group>";
		};
		8B7FE1E72558BA9E00D64403 /* Supporting Files */ = {
			isa = PBXGroup;
			children = (
				8B1BCEFE2999AC3E0093817C /* Custom Fonts */,
				8B79231629CBB11E002119D4 /* Font Picker */,
				8B7FE19E25577DA500D64403 /* Preview Content */,
				8B7FE1A625577DA500D64403 /* Info.plist */,
				8B6899CC295B9E97000525B4 /* Icon.png */,
				8B6899D729629F6C000525B4 /* default.songbook */,
				8B1BCEFA299980670093817C /* Appearance.swift */,
				8B1D3AF729E4928900878D16 /* ComparableExtensions.swift */,
				8B738AE32A3B47D5001040D9 /* Debouncer.swift */,
				8B19D53B296CA0E700F2DD0B /* RedGradientView.swift */,
				8B1D3AFF2A048AD200878D16 /* ServiceContainer.swift */,
				8B7FE19825577DA500D64403 /* SongbookApp.swift */,
				8B1BCF092999E4F40093817C /* StorageKey.swift */,
				8B6899D92963D7AA000525B4 /* Theme.swift */,
				8B8DE4A22A319E4700335169 /* UserDefaultsObserver.swift */,
				8B1BCEF72995B7A00093817C /* VerticalRatioLayout.swift */,
				8B7FE19C25577DA500D64403 /* Assets.xcassets */,
			);
			path = "Supporting Files";
			sourceTree = "<group>";
		};
		8BA0DFD22A61C84800A23C44 /* Search */ = {
			isa = PBXGroup;
			children = (
				8BA0DFD32A61C86400A23C44 /* SearchScreen.swift */,
			);
			path = Search;
			sourceTree = "<group>";
		};
/* End PBXGroup section */

/* Begin PBXNativeTarget section */
		8B1BCEC7298FF19D0093817C /* songbookQuickLook */ = {
			isa = PBXNativeTarget;
			buildConfigurationList = 8B1BCEDB298FF19D0093817C /* Build configuration list for PBXNativeTarget "songbookQuickLook" */;
			buildPhases = (
				8B1BCEC4298FF19D0093817C /* Sources */,
				8B1BCEC5298FF19D0093817C /* Frameworks */,
				8B1BCEC6298FF19D0093817C /* Resources */,
			);
			buildRules = (
			);
			dependencies = (
			);
			name = songbookQuickLook;
			productName = songbookQuickLook;
			productReference = 8B1BCEC8298FF19D0093817C /* songbookQuickLook.appex */;
			productType = "com.apple.product-type.app-extension";
		};
		8B1BCEDF299005FB0093817C /* songbookThumbnail */ = {
			isa = PBXNativeTarget;
			buildConfigurationList = 8B1BCEEA299005FB0093817C /* Build configuration list for PBXNativeTarget "songbookThumbnail" */;
			buildPhases = (
				8B1BCEDC299005FB0093817C /* Sources */,
				8B1BCEDD299005FB0093817C /* Frameworks */,
				8B1BCEDE299005FB0093817C /* Resources */,
			);
			buildRules = (
			);
			dependencies = (
			);
			name = songbookThumbnail;
			productName = songbookThumbnail;
			productReference = 8B1BCEE0299005FB0093817C /* songbookThumbnail.appex */;
			productType = "com.apple.product-type.app-extension";
		};
		8B7FE19425577DA500D64403 /* songbook */ = {
			isa = PBXNativeTarget;
			buildConfigurationList = 8B7FE1BF25577DA600D64403 /* Build configuration list for PBXNativeTarget "songbook" */;
			buildPhases = (
				8B7FE19125577DA500D64403 /* Sources */,
				8B7FE19225577DA500D64403 /* Frameworks */,
				8B7FE19325577DA500D64403 /* Resources */,
				8B1BCED8298FF19D0093817C /* Embed Foundation Extensions */,
			);
			buildRules = (
			);
			dependencies = (
				8B1BCED6298FF19D0093817C /* PBXTargetDependency */,
				8B1BCEE8299005FB0093817C /* PBXTargetDependency */,
			);
			name = songbook;
			packageProductDependencies = (
				8B6899D2295BA328000525B4 /* BookModel */,
			);
			productName = songbook;
			productReference = 8B7FE19525577DA500D64403 /* songbook.app */;
			productType = "com.apple.product-type.application";
		};
		8B7FE1AA25577DA600D64403 /* songbookTests */ = {
			isa = PBXNativeTarget;
			buildConfigurationList = 8B7FE1C225577DA600D64403 /* Build configuration list for PBXNativeTarget "songbookTests" */;
			buildPhases = (
				8B7FE1A725577DA600D64403 /* Sources */,
				8B7FE1A825577DA600D64403 /* Frameworks */,
				8B7FE1A925577DA600D64403 /* Resources */,
			);
			buildRules = (
			);
			dependencies = (
				8B7FE1AD25577DA600D64403 /* PBXTargetDependency */,
			);
			name = songbookTests;
			productName = songbookTests;
			productReference = 8B7FE1AB25577DA600D64403 /* songbookTests.xctest */;
			productType = "com.apple.product-type.bundle.unit-test";
		};
		8B7FE1B525577DA600D64403 /* songbookUITests */ = {
			isa = PBXNativeTarget;
			buildConfigurationList = 8B7FE1C525577DA600D64403 /* Build configuration list for PBXNativeTarget "songbookUITests" */;
			buildPhases = (
				8B7FE1B225577DA600D64403 /* Sources */,
				8B7FE1B325577DA600D64403 /* Frameworks */,
				8B7FE1B425577DA600D64403 /* Resources */,
			);
			buildRules = (
			);
			dependencies = (
				8B7FE1B825577DA600D64403 /* PBXTargetDependency */,
			);
			name = songbookUITests;
			productName = songbookUITests;
			productReference = 8B7FE1B625577DA600D64403 /* songbookUITests.xctest */;
			productType = "com.apple.product-type.bundle.ui-testing";
		};
/* End PBXNativeTarget section */

/* Begin PBXProject section */
		8B7FE18D25577DA500D64403 /* Project object */ = {
			isa = PBXProject;
			attributes = {
				BuildIndependentTargetsInParallel = YES;
				LastSwiftUpdateCheck = 1420;
				LastUpgradeCheck = 1430;
				TargetAttributes = {
					8B1BCEC7298FF19D0093817C = {
						CreatedOnToolsVersion = 14.2;
					};
					8B1BCEDF299005FB0093817C = {
						CreatedOnToolsVersion = 14.2;
					};
					8B7FE19425577DA500D64403 = {
						CreatedOnToolsVersion = 12.1.1;
					};
					8B7FE1AA25577DA600D64403 = {
						CreatedOnToolsVersion = 12.1.1;
						TestTargetID = 8B7FE19425577DA500D64403;
					};
					8B7FE1B525577DA600D64403 = {
						CreatedOnToolsVersion = 12.1.1;
						TestTargetID = 8B7FE19425577DA500D64403;
					};
				};
			};
			buildConfigurationList = 8B7FE19025577DA500D64403 /* Build configuration list for PBXProject "songbook" */;
			compatibilityVersion = "Xcode 9.3";
			developmentRegion = en;
			hasScannedForEncodings = 0;
			knownRegions = (
				en,
				Base,
			);
			mainGroup = 8B7FE18C25577DA500D64403;
			productRefGroup = 8B7FE19625577DA500D64403 /* Products */;
			projectDirPath = "";
			projectRoot = "";
			targets = (
				8B7FE19425577DA500D64403 /* songbook */,
				8B7FE1AA25577DA600D64403 /* songbookTests */,
				8B7FE1B525577DA600D64403 /* songbookUITests */,
				8B1BCEDF299005FB0093817C /* songbookThumbnail */,
				8B1BCEC7298FF19D0093817C /* songbookQuickLook */,
			);
		};
/* End PBXProject section */

/* Begin PBXResourcesBuildPhase section */
		8B1BCEC6298FF19D0093817C /* Resources */ = {
			isa = PBXResourcesBuildPhase;
			buildActionMask = 2147483647;
			files = (
				8B1BCEEF299013180093817C /* Icon.png in Resources */,
			);
			runOnlyForDeploymentPostprocessing = 0;
		};
		8B1BCEDE299005FB0093817C /* Resources */ = {
			isa = PBXResourcesBuildPhase;
			buildActionMask = 2147483647;
			files = (
				8B1BCEED299006D10093817C /* Icon.png in Resources */,
			);
			runOnlyForDeploymentPostprocessing = 0;
		};
		8B7FE19325577DA500D64403 /* Resources */ = {
			isa = PBXResourcesBuildPhase;
			buildActionMask = 2147483647;
			files = (
				8B6899CD295B9E97000525B4 /* Icon.png in Resources */,
				8B6899D829629F6C000525B4 /* default.songbook in Resources */,
				8B7FE1A025577DA500D64403 /* Preview Assets.xcassets in Resources */,
				8B1BCF062999B3760093817C /* Atkinson-Hyperlegible-Bold-102.otf in Resources */,
				8B7FE19D25577DA500D64403 /* Assets.xcassets in Resources */,
				8B1BCF042999AED50093817C /* Atkinson-Hyperlegible-Regular-102.otf in Resources */,
				8B1BCF012999AC570093817C /* APHont-Bold_q15c.ttf in Resources */,
				8B1BCF022999AC570093817C /* APHont-Regular_q15c.ttf in Resources */,
			);
			runOnlyForDeploymentPostprocessing = 0;
		};
		8B7FE1A925577DA600D64403 /* Resources */ = {
			isa = PBXResourcesBuildPhase;
			buildActionMask = 2147483647;
			files = (
			);
			runOnlyForDeploymentPostprocessing = 0;
		};
		8B7FE1B425577DA600D64403 /* Resources */ = {
			isa = PBXResourcesBuildPhase;
			buildActionMask = 2147483647;
			files = (
			);
			runOnlyForDeploymentPostprocessing = 0;
		};
/* End PBXResourcesBuildPhase section */

/* Begin PBXSourcesBuildPhase section */
		8B1BCEC4298FF19D0093817C /* Sources */ = {
			isa = PBXSourcesBuildPhase;
			buildActionMask = 2147483647;
			files = (
				8B1BCECE298FF19D0093817C /* PreviewViewController.swift in Sources */,
				8B1BCEF1299098AF0093817C /* PreviewView.swift in Sources */,
			);
			runOnlyForDeploymentPostprocessing = 0;
		};
		8B1BCEDC299005FB0093817C /* Sources */ = {
			isa = PBXSourcesBuildPhase;
			buildActionMask = 2147483647;
			files = (
				8B1BCEE5299005FB0093817C /* ThumbnailProvider.swift in Sources */,
			);
			runOnlyForDeploymentPostprocessing = 0;
		};
		8B7FE19125577DA500D64403 /* Sources */ = {
			isa = PBXSourcesBuildPhase;
			buildActionMask = 2147483647;
			files = (
				8B8DE4A32A319E4700335169 /* UserDefaultsObserver.swift in Sources */,
				8B1D3AF629E057BA00878D16 /* AudioPlayerProgress.swift in Sources */,
				8B19D5322964EBE900F2DD0B /* BookScreen.swift in Sources */,
				8B6899DA2963D7AA000525B4 /* Theme.swift in Sources */,
				8B53A4BA29BD10050082CC29 /* AudioPlayer.swift in Sources */,
				8B79231329CBAC2A002119D4 /* MainMenu.swift in Sources */,
				8B1D3B042A061F6700878D16 /* Synchronizer.swift in Sources */,
				8B79231B29CBE28E002119D4 /* PlaybackModeButton.swift in Sources */,
				8B79231929CBD0D0002119D4 /* ProgressBar.swift in Sources */,
				8B19D536296959C300F2DD0B /* SectionPageView.swift in Sources */,
				8B1BCF0A2999E4F40093817C /* StorageKey.swift in Sources */,
				8B1D3B062A11CC9D00878D16 /* AudioSessionManager.swift in Sources */,
				8B1D3AFA29FAB22400878D16 /* RemoteController.swift in Sources */,
				8B19D5342969599F00F2DD0B /* BookPageView.swift in Sources */,
				8B1D3AFC2A03284B00878D16 /* NowPlayingManager.swift in Sources */,
				8B79231E29CBEB02002119D4 /* PlaybackMode.swift in Sources */,
				8B79231529CBAEED002119D4 /* FontScreen.swift in Sources */,
				8B1BCEF82995B7A00093817C /* VerticalRatioLayout.swift in Sources */,
				8B19D538296959E300F2DD0B /* SongPageView.swift in Sources */,
				8B1D3AF829E4928900878D16 /* ComparableExtensions.swift in Sources */,
				8B1BCEFB299980670093817C /* Appearance.swift in Sources */,
				8B1BCEFD2999943A0093817C /* FontMode.swift in Sources */,
				8BA0DFD42A61C86400A23C44 /* SearchScreen.swift in Sources */,
				8B1D3B022A05A7CF00878D16 /* Playlist.swift in Sources */,
				8B738AE42A3B47D5001040D9 /* Debouncer.swift in Sources */,
				8B1BCF082999B5440093817C /* FontPicker.swift in Sources */,
				8B7FE19B25577DA500D64403 /* MainScreen.swift in Sources */,
				8B1D3B002A048AD200878D16 /* ServiceContainer.swift in Sources */,
				8B7FE19925577DA500D64403 /* SongbookApp.swift in Sources */,
				8B5954752A21A56300A91EF6 /* AudioPlayerDelegate.swift in Sources */,
				8B19D53C296CA0E700F2DD0B /* RedGradientView.swift in Sources */,
			);
			runOnlyForDeploymentPostprocessing = 0;
		};
		8B7FE1A725577DA600D64403 /* Sources */ = {
			isa = PBXSourcesBuildPhase;
			buildActionMask = 2147483647;
			files = (
				8B7FE1B025577DA600D64403 /* SongbookTests.swift in Sources */,
			);
			runOnlyForDeploymentPostprocessing = 0;
		};
		8B7FE1B225577DA600D64403 /* Sources */ = {
			isa = PBXSourcesBuildPhase;
			buildActionMask = 2147483647;
			files = (
				8B7FE1BB25577DA600D64403 /* SongbookUITests.swift in Sources */,
			);
			runOnlyForDeploymentPostprocessing = 0;
		};
/* End PBXSourcesBuildPhase section */

/* Begin PBXTargetDependency section */
		8B1BCED6298FF19D0093817C /* PBXTargetDependency */ = {
			isa = PBXTargetDependency;
			target = 8B1BCEC7298FF19D0093817C /* songbookQuickLook */;
			targetProxy = 8B1BCED5298FF19D0093817C /* PBXContainerItemProxy */;
		};
		8B1BCEE8299005FB0093817C /* PBXTargetDependency */ = {
			isa = PBXTargetDependency;
			target = 8B1BCEDF299005FB0093817C /* songbookThumbnail */;
			targetProxy = 8B1BCEE7299005FB0093817C /* PBXContainerItemProxy */;
		};
		8B7FE1AD25577DA600D64403 /* PBXTargetDependency */ = {
			isa = PBXTargetDependency;
			target = 8B7FE19425577DA500D64403 /* songbook */;
			targetProxy = 8B7FE1AC25577DA600D64403 /* PBXContainerItemProxy */;
		};
		8B7FE1B825577DA600D64403 /* PBXTargetDependency */ = {
			isa = PBXTargetDependency;
			target = 8B7FE19425577DA500D64403 /* songbook */;
			targetProxy = 8B7FE1B725577DA600D64403 /* PBXContainerItemProxy */;
		};
/* End PBXTargetDependency section */

/* Begin XCBuildConfiguration section */
		8B1BCED9298FF19D0093817C /* Debug */ = {
			isa = XCBuildConfiguration;
			buildSettings = {
				CLANG_CXX_LANGUAGE_STANDARD = "gnu++20";
				CODE_SIGN_STYLE = Automatic;
				CURRENT_PROJECT_VERSION = 1;
				DEVELOPMENT_TEAM = U48P68REXM;
				GENERATE_INFOPLIST_FILE = YES;
				INFOPLIST_FILE = songbookQuickLook/Info.plist;
				INFOPLIST_KEY_CFBundleDisplayName = songbookQuickLook;
				INFOPLIST_KEY_NSHumanReadableCopyright = "";
				IPHONEOS_DEPLOYMENT_TARGET = 17.0;
				LD_RUNPATH_SEARCH_PATHS = (
					"$(inherited)",
					"@executable_path/Frameworks",
					"@executable_path/../../Frameworks",
				);
				MARKETING_VERSION = 1.0;
				PRODUCT_BUNDLE_IDENTIFIER = com.paulhimes.newsongbook.songbookQuickLook;
				PRODUCT_NAME = "$(TARGET_NAME)";
				SKIP_INSTALL = YES;
				SWIFT_EMIT_LOC_STRINGS = YES;
				SWIFT_VERSION = 5.0;
				TARGETED_DEVICE_FAMILY = "1,2";
			};
			name = Debug;
		};
		8B1BCEDA298FF19D0093817C /* Release */ = {
			isa = XCBuildConfiguration;
			buildSettings = {
				CLANG_CXX_LANGUAGE_STANDARD = "gnu++20";
				CODE_SIGN_STYLE = Automatic;
				CURRENT_PROJECT_VERSION = 1;
				DEVELOPMENT_TEAM = U48P68REXM;
				GENERATE_INFOPLIST_FILE = YES;
				INFOPLIST_FILE = songbookQuickLook/Info.plist;
				INFOPLIST_KEY_CFBundleDisplayName = songbookQuickLook;
				INFOPLIST_KEY_NSHumanReadableCopyright = "";
				IPHONEOS_DEPLOYMENT_TARGET = 17.0;
				LD_RUNPATH_SEARCH_PATHS = (
					"$(inherited)",
					"@executable_path/Frameworks",
					"@executable_path/../../Frameworks",
				);
				MARKETING_VERSION = 1.0;
				PRODUCT_BUNDLE_IDENTIFIER = com.paulhimes.newsongbook.songbookQuickLook;
				PRODUCT_NAME = "$(TARGET_NAME)";
				SKIP_INSTALL = YES;
				SWIFT_EMIT_LOC_STRINGS = YES;
				SWIFT_VERSION = 5.0;
				TARGETED_DEVICE_FAMILY = "1,2";
			};
			name = Release;
		};
		8B1BCEEB299005FB0093817C /* Debug */ = {
			isa = XCBuildConfiguration;
			buildSettings = {
				CLANG_CXX_LANGUAGE_STANDARD = "gnu++20";
				CODE_SIGN_STYLE = Automatic;
				CURRENT_PROJECT_VERSION = 1;
				DEVELOPMENT_TEAM = U48P68REXM;
				GENERATE_INFOPLIST_FILE = YES;
				INFOPLIST_FILE = songbookThumbnail/Info.plist;
				INFOPLIST_KEY_CFBundleDisplayName = songbookThumbnail;
				INFOPLIST_KEY_NSHumanReadableCopyright = "";
				IPHONEOS_DEPLOYMENT_TARGET = 17.0;
				LD_RUNPATH_SEARCH_PATHS = (
					"$(inherited)",
					"@executable_path/Frameworks",
					"@executable_path/../../Frameworks",
				);
				MARKETING_VERSION = 1.0;
				PRODUCT_BUNDLE_IDENTIFIER = com.paulhimes.newsongbook.songbookThumbnail;
				PRODUCT_NAME = "$(TARGET_NAME)";
				SKIP_INSTALL = YES;
				SWIFT_EMIT_LOC_STRINGS = YES;
				SWIFT_VERSION = 5.0;
				TARGETED_DEVICE_FAMILY = "1,2";
			};
			name = Debug;
		};
		8B1BCEEC299005FB0093817C /* Release */ = {
			isa = XCBuildConfiguration;
			buildSettings = {
				CLANG_CXX_LANGUAGE_STANDARD = "gnu++20";
				CODE_SIGN_STYLE = Automatic;
				CURRENT_PROJECT_VERSION = 1;
				DEVELOPMENT_TEAM = U48P68REXM;
				GENERATE_INFOPLIST_FILE = YES;
				INFOPLIST_FILE = songbookThumbnail/Info.plist;
				INFOPLIST_KEY_CFBundleDisplayName = songbookThumbnail;
				INFOPLIST_KEY_NSHumanReadableCopyright = "";
				IPHONEOS_DEPLOYMENT_TARGET = 17.0;
				LD_RUNPATH_SEARCH_PATHS = (
					"$(inherited)",
					"@executable_path/Frameworks",
					"@executable_path/../../Frameworks",
				);
				MARKETING_VERSION = 1.0;
				PRODUCT_BUNDLE_IDENTIFIER = com.paulhimes.newsongbook.songbookThumbnail;
				PRODUCT_NAME = "$(TARGET_NAME)";
				SKIP_INSTALL = YES;
				SWIFT_EMIT_LOC_STRINGS = YES;
				SWIFT_VERSION = 5.0;
				TARGETED_DEVICE_FAMILY = "1,2";
			};
			name = Release;
		};
		8B7FE1BD25577DA600D64403 /* Debug */ = {
			isa = XCBuildConfiguration;
			buildSettings = {
				ALWAYS_SEARCH_USER_PATHS = NO;
				CLANG_ANALYZER_NONNULL = YES;
				CLANG_ANALYZER_NUMBER_OBJECT_CONVERSION = YES_AGGRESSIVE;
				CLANG_CXX_LANGUAGE_STANDARD = "gnu++14";
				CLANG_CXX_LIBRARY = "libc++";
				CLANG_ENABLE_MODULES = YES;
				CLANG_ENABLE_OBJC_ARC = YES;
				CLANG_ENABLE_OBJC_WEAK = YES;
				CLANG_WARN_BLOCK_CAPTURE_AUTORELEASING = YES;
				CLANG_WARN_BOOL_CONVERSION = YES;
				CLANG_WARN_COMMA = YES;
				CLANG_WARN_CONSTANT_CONVERSION = YES;
				CLANG_WARN_DEPRECATED_OBJC_IMPLEMENTATIONS = YES;
				CLANG_WARN_DIRECT_OBJC_ISA_USAGE = YES_ERROR;
				CLANG_WARN_DOCUMENTATION_COMMENTS = YES;
				CLANG_WARN_EMPTY_BODY = YES;
				CLANG_WARN_ENUM_CONVERSION = YES;
				CLANG_WARN_INFINITE_RECURSION = YES;
				CLANG_WARN_INT_CONVERSION = YES;
				CLANG_WARN_NON_LITERAL_NULL_CONVERSION = YES;
				CLANG_WARN_OBJC_IMPLICIT_RETAIN_SELF = YES;
				CLANG_WARN_OBJC_LITERAL_CONVERSION = YES;
				CLANG_WARN_OBJC_ROOT_CLASS = YES_ERROR;
				CLANG_WARN_QUOTED_INCLUDE_IN_FRAMEWORK_HEADER = YES;
				CLANG_WARN_RANGE_LOOP_ANALYSIS = YES;
				CLANG_WARN_STRICT_PROTOTYPES = YES;
				CLANG_WARN_SUSPICIOUS_MOVE = YES;
				CLANG_WARN_UNGUARDED_AVAILABILITY = YES_AGGRESSIVE;
				CLANG_WARN_UNREACHABLE_CODE = YES;
				CLANG_WARN__DUPLICATE_METHOD_MATCH = YES;
				COPY_PHASE_STRIP = NO;
				DEBUG_INFORMATION_FORMAT = dwarf;
				ENABLE_STRICT_OBJC_MSGSEND = YES;
				ENABLE_TESTABILITY = YES;
				GCC_C_LANGUAGE_STANDARD = gnu11;
				GCC_DYNAMIC_NO_PIC = NO;
				GCC_NO_COMMON_BLOCKS = YES;
				GCC_OPTIMIZATION_LEVEL = 0;
				GCC_PREPROCESSOR_DEFINITIONS = (
					"DEBUG=1",
					"$(inherited)",
				);
				GCC_WARN_64_TO_32_BIT_CONVERSION = YES;
				GCC_WARN_ABOUT_RETURN_TYPE = YES_ERROR;
				GCC_WARN_UNDECLARED_SELECTOR = YES;
				GCC_WARN_UNINITIALIZED_AUTOS = YES_AGGRESSIVE;
				GCC_WARN_UNUSED_FUNCTION = YES;
				GCC_WARN_UNUSED_VARIABLE = YES;
				IPHONEOS_DEPLOYMENT_TARGET = 17.0;
				MTL_ENABLE_DEBUG_INFO = INCLUDE_SOURCE;
				MTL_FAST_MATH = YES;
				ONLY_ACTIVE_ARCH = YES;
				SDKROOT = iphoneos;
				SWIFT_ACTIVE_COMPILATION_CONDITIONS = DEBUG;
				SWIFT_OPTIMIZATION_LEVEL = "-Onone";
			};
			name = Debug;
		};
		8B7FE1BE25577DA600D64403 /* Release */ = {
			isa = XCBuildConfiguration;
			buildSettings = {
				ALWAYS_SEARCH_USER_PATHS = NO;
				CLANG_ANALYZER_NONNULL = YES;
				CLANG_ANALYZER_NUMBER_OBJECT_CONVERSION = YES_AGGRESSIVE;
				CLANG_CXX_LANGUAGE_STANDARD = "gnu++14";
				CLANG_CXX_LIBRARY = "libc++";
				CLANG_ENABLE_MODULES = YES;
				CLANG_ENABLE_OBJC_ARC = YES;
				CLANG_ENABLE_OBJC_WEAK = YES;
				CLANG_WARN_BLOCK_CAPTURE_AUTORELEASING = YES;
				CLANG_WARN_BOOL_CONVERSION = YES;
				CLANG_WARN_COMMA = YES;
				CLANG_WARN_CONSTANT_CONVERSION = YES;
				CLANG_WARN_DEPRECATED_OBJC_IMPLEMENTATIONS = YES;
				CLANG_WARN_DIRECT_OBJC_ISA_USAGE = YES_ERROR;
				CLANG_WARN_DOCUMENTATION_COMMENTS = YES;
				CLANG_WARN_EMPTY_BODY = YES;
				CLANG_WARN_ENUM_CONVERSION = YES;
				CLANG_WARN_INFINITE_RECURSION = YES;
				CLANG_WARN_INT_CONVERSION = YES;
				CLANG_WARN_NON_LITERAL_NULL_CONVERSION = YES;
				CLANG_WARN_OBJC_IMPLICIT_RETAIN_SELF = YES;
				CLANG_WARN_OBJC_LITERAL_CONVERSION = YES;
				CLANG_WARN_OBJC_ROOT_CLASS = YES_ERROR;
				CLANG_WARN_QUOTED_INCLUDE_IN_FRAMEWORK_HEADER = YES;
				CLANG_WARN_RANGE_LOOP_ANALYSIS = YES;
				CLANG_WARN_STRICT_PROTOTYPES = YES;
				CLANG_WARN_SUSPICIOUS_MOVE = YES;
				CLANG_WARN_UNGUARDED_AVAILABILITY = YES_AGGRESSIVE;
				CLANG_WARN_UNREACHABLE_CODE = YES;
				CLANG_WARN__DUPLICATE_METHOD_MATCH = YES;
				COPY_PHASE_STRIP = NO;
				DEBUG_INFORMATION_FORMAT = "dwarf-with-dsym";
				ENABLE_NS_ASSERTIONS = NO;
				ENABLE_STRICT_OBJC_MSGSEND = YES;
				GCC_C_LANGUAGE_STANDARD = gnu11;
				GCC_NO_COMMON_BLOCKS = YES;
				GCC_WARN_64_TO_32_BIT_CONVERSION = YES;
				GCC_WARN_ABOUT_RETURN_TYPE = YES_ERROR;
				GCC_WARN_UNDECLARED_SELECTOR = YES;
				GCC_WARN_UNINITIALIZED_AUTOS = YES_AGGRESSIVE;
				GCC_WARN_UNUSED_FUNCTION = YES;
				GCC_WARN_UNUSED_VARIABLE = YES;
				IPHONEOS_DEPLOYMENT_TARGET = 17.0;
				MTL_ENABLE_DEBUG_INFO = NO;
				MTL_FAST_MATH = YES;
				SDKROOT = iphoneos;
				SWIFT_COMPILATION_MODE = wholemodule;
				SWIFT_OPTIMIZATION_LEVEL = "-O";
				VALIDATE_PRODUCT = YES;
			};
			name = Release;
		};
		8B7FE1C025577DA600D64403 /* Debug */ = {
			isa = XCBuildConfiguration;
			buildSettings = {
				ALWAYS_EMBED_SWIFT_STANDARD_LIBRARIES = YES;
				ASSETCATALOG_COMPILER_APPICON_NAME = AppIcon;
				ASSETCATALOG_COMPILER_GLOBAL_ACCENT_COLOR_NAME = AccentColor;
				CODE_SIGN_STYLE = Automatic;
				DEVELOPMENT_ASSET_PATHS = "\"songbook/Supporting Files/Preview Content\"";
				DEVELOPMENT_TEAM = U48P68REXM;
				ENABLE_PREVIEWS = YES;
				INFOPLIST_FILE = "songbook/Supporting Files/Info.plist";
				INFOPLIST_KEY_LSApplicationCategoryType = "public.app-category.books";
				IPHONEOS_DEPLOYMENT_TARGET = 17.0;
				LD_RUNPATH_SEARCH_PATHS = (
					"$(inherited)",
					"@executable_path/Frameworks",
				);
				PRODUCT_BUNDLE_IDENTIFIER = com.paulhimes.newsongbook;
				PRODUCT_NAME = "$(TARGET_NAME)";
				SWIFT_VERSION = 5.0;
				TARGETED_DEVICE_FAMILY = "1,2";
			};
			name = Debug;
		};
		8B7FE1C125577DA600D64403 /* Release */ = {
			isa = XCBuildConfiguration;
			buildSettings = {
				ALWAYS_EMBED_SWIFT_STANDARD_LIBRARIES = YES;
				ASSETCATALOG_COMPILER_APPICON_NAME = AppIcon;
				ASSETCATALOG_COMPILER_GLOBAL_ACCENT_COLOR_NAME = AccentColor;
				CODE_SIGN_STYLE = Automatic;
				DEVELOPMENT_ASSET_PATHS = "\"songbook/Supporting Files/Preview Content\"";
				DEVELOPMENT_TEAM = U48P68REXM;
				ENABLE_PREVIEWS = YES;
				INFOPLIST_FILE = "songbook/Supporting Files/Info.plist";
				INFOPLIST_KEY_LSApplicationCategoryType = "public.app-category.books";
				IPHONEOS_DEPLOYMENT_TARGET = 17.0;
				LD_RUNPATH_SEARCH_PATHS = (
					"$(inherited)",
					"@executable_path/Frameworks",
				);
				PRODUCT_BUNDLE_IDENTIFIER = com.paulhimes.newsongbook;
				PRODUCT_NAME = "$(TARGET_NAME)";
				SWIFT_VERSION = 5.0;
				TARGETED_DEVICE_FAMILY = "1,2";
			};
			name = Release;
		};
		8B7FE1C325577DA600D64403 /* Debug */ = {
			isa = XCBuildConfiguration;
			buildSettings = {
				ALWAYS_EMBED_SWIFT_STANDARD_LIBRARIES = YES;
				BUNDLE_LOADER = "$(TEST_HOST)";
				CODE_SIGN_STYLE = Automatic;
				DEVELOPMENT_TEAM = U48P68REXM;
				INFOPLIST_FILE = songbookTests/Info.plist;
				IPHONEOS_DEPLOYMENT_TARGET = 17.0;
				LD_RUNPATH_SEARCH_PATHS = (
					"$(inherited)",
					"@executable_path/Frameworks",
					"@loader_path/Frameworks",
				);
				PRODUCT_BUNDLE_IDENTIFIER = com.paulhimes.songbookTests;
				PRODUCT_NAME = "$(TARGET_NAME)";
				SWIFT_VERSION = 5.0;
				TARGETED_DEVICE_FAMILY = "1,2";
				TEST_HOST = "$(BUILT_PRODUCTS_DIR)/songbook.app/songbook";
			};
			name = Debug;
		};
		8B7FE1C425577DA600D64403 /* Release */ = {
			isa = XCBuildConfiguration;
			buildSettings = {
				ALWAYS_EMBED_SWIFT_STANDARD_LIBRARIES = YES;
				BUNDLE_LOADER = "$(TEST_HOST)";
				CODE_SIGN_STYLE = Automatic;
				DEVELOPMENT_TEAM = U48P68REXM;
				INFOPLIST_FILE = songbookTests/Info.plist;
				IPHONEOS_DEPLOYMENT_TARGET = 17.0;
				LD_RUNPATH_SEARCH_PATHS = (
					"$(inherited)",
					"@executable_path/Frameworks",
					"@loader_path/Frameworks",
				);
				PRODUCT_BUNDLE_IDENTIFIER = com.paulhimes.songbookTests;
				PRODUCT_NAME = "$(TARGET_NAME)";
				SWIFT_VERSION = 5.0;
				TARGETED_DEVICE_FAMILY = "1,2";
				TEST_HOST = "$(BUILT_PRODUCTS_DIR)/songbook.app/songbook";
			};
			name = Release;
		};
		8B7FE1C625577DA600D64403 /* Debug */ = {
			isa = XCBuildConfiguration;
			buildSettings = {
				ALWAYS_EMBED_SWIFT_STANDARD_LIBRARIES = YES;
				CODE_SIGN_STYLE = Automatic;
				DEVELOPMENT_TEAM = U48P68REXM;
				INFOPLIST_FILE = songbookUITests/Info.plist;
				LD_RUNPATH_SEARCH_PATHS = (
					"$(inherited)",
					"@executable_path/Frameworks",
					"@loader_path/Frameworks",
				);
				PRODUCT_BUNDLE_IDENTIFIER = com.paulhimes.songbookUITests;
				PRODUCT_NAME = "$(TARGET_NAME)";
				SWIFT_VERSION = 5.0;
				TARGETED_DEVICE_FAMILY = "1,2";
				TEST_TARGET_NAME = songbook;
			};
			name = Debug;
		};
		8B7FE1C725577DA600D64403 /* Release */ = {
			isa = XCBuildConfiguration;
			buildSettings = {
				ALWAYS_EMBED_SWIFT_STANDARD_LIBRARIES = YES;
				CODE_SIGN_STYLE = Automatic;
				DEVELOPMENT_TEAM = U48P68REXM;
				INFOPLIST_FILE = songbookUITests/Info.plist;
				LD_RUNPATH_SEARCH_PATHS = (
					"$(inherited)",
					"@executable_path/Frameworks",
					"@loader_path/Frameworks",
				);
				PRODUCT_BUNDLE_IDENTIFIER = com.paulhimes.songbookUITests;
				PRODUCT_NAME = "$(TARGET_NAME)";
				SWIFT_VERSION = 5.0;
				TARGETED_DEVICE_FAMILY = "1,2";
				TEST_TARGET_NAME = songbook;
			};
			name = Release;
		};
/* End XCBuildConfiguration section */

/* Begin XCConfigurationList section */
		8B1BCEDB298FF19D0093817C /* Build configuration list for PBXNativeTarget "songbookQuickLook" */ = {
			isa = XCConfigurationList;
			buildConfigurations = (
				8B1BCED9298FF19D0093817C /* Debug */,
				8B1BCEDA298FF19D0093817C /* Release */,
			);
			defaultConfigurationIsVisible = 0;
			defaultConfigurationName = Release;
		};
		8B1BCEEA299005FB0093817C /* Build configuration list for PBXNativeTarget "songbookThumbnail" */ = {
			isa = XCConfigurationList;
			buildConfigurations = (
				8B1BCEEB299005FB0093817C /* Debug */,
				8B1BCEEC299005FB0093817C /* Release */,
			);
			defaultConfigurationIsVisible = 0;
			defaultConfigurationName = Release;
		};
		8B7FE19025577DA500D64403 /* Build configuration list for PBXProject "songbook" */ = {
			isa = XCConfigurationList;
			buildConfigurations = (
				8B7FE1BD25577DA600D64403 /* Debug */,
				8B7FE1BE25577DA600D64403 /* Release */,
			);
			defaultConfigurationIsVisible = 0;
			defaultConfigurationName = Release;
		};
		8B7FE1BF25577DA600D64403 /* Build configuration list for PBXNativeTarget "songbook" */ = {
			isa = XCConfigurationList;
			buildConfigurations = (
				8B7FE1C025577DA600D64403 /* Debug */,
				8B7FE1C125577DA600D64403 /* Release */,
			);
			defaultConfigurationIsVisible = 0;
			defaultConfigurationName = Release;
		};
		8B7FE1C225577DA600D64403 /* Build configuration list for PBXNativeTarget "songbookTests" */ = {
			isa = XCConfigurationList;
			buildConfigurations = (
				8B7FE1C325577DA600D64403 /* Debug */,
				8B7FE1C425577DA600D64403 /* Release */,
			);
			defaultConfigurationIsVisible = 0;
			defaultConfigurationName = Release;
		};
		8B7FE1C525577DA600D64403 /* Build configuration list for PBXNativeTarget "songbookUITests" */ = {
			isa = XCConfigurationList;
			buildConfigurations = (
				8B7FE1C625577DA600D64403 /* Debug */,
				8B7FE1C725577DA600D64403 /* Release */,
			);
			defaultConfigurationIsVisible = 0;
			defaultConfigurationName = Release;
		};
/* End XCConfigurationList section */

/* Begin XCSwiftPackageProductDependency section */
		8B6899D2295BA328000525B4 /* BookModel */ = {
			isa = XCSwiftPackageProductDependency;
			productName = BookModel;
		};
/* End XCSwiftPackageProductDependency section */
	};
	rootObject = 8B7FE18D25577DA500D64403 /* Project object */;
}
