// !$*UTF8*$!
{
	archiveVersion = 1;
	classes = {
	};
	objectVersion = 46;
	objects = {

/* Begin PBXBuildFile section */
		8B088FC217C867440043341D /* UIView+Helpers.m in Sources */ = {isa = PBXBuildFile; fileRef = 8B088FC117C867440043341D /* UIView+Helpers.m */; };
		8B380E2A17C6874100D8F905 /* SongbookViewController.m in Sources */ = {isa = PBXBuildFile; fileRef = 8B380E2917C6874100D8F905 /* SongbookViewController.m */; };
		8B6F1BEF17ACB67D00F72C3D /* PageController.m in Sources */ = {isa = PBXBuildFile; fileRef = 8B6F1BEE17ACB67D00F72C3D /* PageController.m */; };
		8B6F1BF417ACBBFB00F72C3D /* BookPageController.m in Sources */ = {isa = PBXBuildFile; fileRef = 8B6F1BF317ACBBFB00F72C3D /* BookPageController.m */; };
		8B6F1BFD17ACBC4C00F72C3D /* SectionPageController.m in Sources */ = {isa = PBXBuildFile; fileRef = 8B6F1BFC17ACBC4C00F72C3D /* SectionPageController.m */; };
		8B810A5517D9519A00F339CE /* Token.m in Sources */ = {isa = PBXBuildFile; fileRef = 8B810A5417D9519A00F339CE /* Token.m */; };
		8B94531F17A5F15D00327479 /* Song+Helpers.m in Sources */ = {isa = PBXBuildFile; fileRef = 8B94531E17A5F15D00327479 /* Song+Helpers.m */; };
		8B94532217A5F3E500327479 /* Verse+Helpers.m in Sources */ = {isa = PBXBuildFile; fileRef = 8B94532117A5F3E500327479 /* Verse+Helpers.m */; };
		8B94532517A5F44000327479 /* Section+Helpers.m in Sources */ = {isa = PBXBuildFile; fileRef = 8B94532417A5F43800327479 /* Section+Helpers.m */; };
		8B94532817A5F4C900327479 /* Book+Helpers.m in Sources */ = {isa = PBXBuildFile; fileRef = 8B94532717A5F4C900327479 /* Book+Helpers.m */; };
		8BA305E617A0BCF200A2ABDE /* Foundation.framework in Frameworks */ = {isa = PBXBuildFile; fileRef = 8BA305E517A0BCF200A2ABDE /* Foundation.framework */; };
		8BA305E817A0BCF200A2ABDE /* CoreGraphics.framework in Frameworks */ = {isa = PBXBuildFile; fileRef = 8BA305E717A0BCF200A2ABDE /* CoreGraphics.framework */; };
		8BA305EA17A0BCF200A2ABDE /* UIKit.framework in Frameworks */ = {isa = PBXBuildFile; fileRef = 8BA305E917A0BCF200A2ABDE /* UIKit.framework */; };
		8BA305EC17A0BCF200A2ABDE /* CoreData.framework in Frameworks */ = {isa = PBXBuildFile; fileRef = 8BA305EB17A0BCF200A2ABDE /* CoreData.framework */; };
		8BA305F217A0BCF200A2ABDE /* InfoPlist.strings in Resources */ = {isa = PBXBuildFile; fileRef = 8BA305F017A0BCF200A2ABDE /* InfoPlist.strings */; };
		8BA305F417A0BCF200A2ABDE /* main.m in Sources */ = {isa = PBXBuildFile; fileRef = 8BA305F317A0BCF200A2ABDE /* main.m */; };
		8BA305F817A0BCF200A2ABDE /* AppDelegate.m in Sources */ = {isa = PBXBuildFile; fileRef = 8BA305F717A0BCF200A2ABDE /* AppDelegate.m */; };
		8BA305FB17A0BCF200A2ABDE /* songbook.xcdatamodeld in Sources */ = {isa = PBXBuildFile; fileRef = 8BA305F917A0BCF200A2ABDE /* songbook.xcdatamodeld */; };
		8BA305FD17A0BCF200A2ABDE /* Images.xcassets in Resources */ = {isa = PBXBuildFile; fileRef = 8BA305FC17A0BCF200A2ABDE /* Images.xcassets */; };
		8BA3060417A0BCF200A2ABDE /* XCTest.framework in Frameworks */ = {isa = PBXBuildFile; fileRef = 8BA3060317A0BCF200A2ABDE /* XCTest.framework */; };
		8BA3060517A0BCF200A2ABDE /* Foundation.framework in Frameworks */ = {isa = PBXBuildFile; fileRef = 8BA305E517A0BCF200A2ABDE /* Foundation.framework */; };
		8BA3060617A0BCF200A2ABDE /* UIKit.framework in Frameworks */ = {isa = PBXBuildFile; fileRef = 8BA305E917A0BCF200A2ABDE /* UIKit.framework */; };
		8BA3060717A0BCF200A2ABDE /* CoreData.framework in Frameworks */ = {isa = PBXBuildFile; fileRef = 8BA305EB17A0BCF200A2ABDE /* CoreData.framework */; };
		8BA3060F17A0BCF200A2ABDE /* InfoPlist.strings in Resources */ = {isa = PBXBuildFile; fileRef = 8BA3060D17A0BCF200A2ABDE /* InfoPlist.strings */; };
		8BA3061117A0BCF200A2ABDE /* songbookTests.m in Sources */ = {isa = PBXBuildFile; fileRef = 8BA3061017A0BCF200A2ABDE /* songbookTests.m */; };
		8BA3061B17A0BDAD00A2ABDE /* Songbook.storyboard in Resources */ = {isa = PBXBuildFile; fileRef = 8BA3061A17A0BDAD00A2ABDE /* Songbook.storyboard */; };
		8BA3062117A1656B00A2ABDE /* PageViewController.m in Sources */ = {isa = PBXBuildFile; fileRef = 8BA3062017A1640B00A2ABDE /* PageViewController.m */; };
		8BA5142917ADA275009E960D /* UIView+Debug.m in Sources */ = {isa = PBXBuildFile; fileRef = 8BA5142817ADA275009E960D /* UIView+Debug.m */; };
		8BA5E1D017DB702600858741 /* UITableView+Helpers.m in Sources */ = {isa = PBXBuildFile; fileRef = 8BA5E1CF17DB702600858741 /* UITableView+Helpers.m */; };
		8BA785B317D5864D00BEF4D9 /* NSString+Helpers.m in Sources */ = {isa = PBXBuildFile; fileRef = 8BA785B217D5864D00BEF4D9 /* NSString+Helpers.m */; };
		8BAE5B4D17B1F7C5004631CA /* SearchViewController.m in Sources */ = {isa = PBXBuildFile; fileRef = 8BAE5B4C17B1F7C5004631CA /* SearchViewController.m */; };
		8BB02AE217CB97BE001CCB6C /* SimpleSearchDataSource.m in Sources */ = {isa = PBXBuildFile; fileRef = 8BB02AE117CB97BE001CCB6C /* SimpleSearchDataSource.m */; };
		8BB18AD917A5DB76006E257C /* Section.m in Sources */ = {isa = PBXBuildFile; fileRef = 8BB18AD817A5DB76006E257C /* Section.m */; };
		8BB18ADC17A5DB77006E257C /* Song.m in Sources */ = {isa = PBXBuildFile; fileRef = 8BB18ADB17A5DB77006E257C /* Song.m */; };
		8BB18ADF17A5DB77006E257C /* Verse.m in Sources */ = {isa = PBXBuildFile; fileRef = 8BB18ADE17A5DB77006E257C /* Verse.m */; };
		8BB18AE217A5DB77006E257C /* Book.m in Sources */ = {isa = PBXBuildFile; fileRef = 8BB18AE117A5DB77006E257C /* Book.m */; };
		8BB18AE517A5EA57006E257C /* DataModelTests.m in Sources */ = {isa = PBXBuildFile; fileRef = 8BB18AE417A5EA57006E257C /* DataModelTests.m */; };
		8BB54D5C17A4C60700FD2914 /* PageServer.m in Sources */ = {isa = PBXBuildFile; fileRef = 8BB54D5B17A4C60700FD2914 /* PageServer.m */; };
		8BB54D5F17A4C79300FD2914 /* SongPageController.m in Sources */ = {isa = PBXBuildFile; fileRef = 8BB54D5E17A4C79300FD2914 /* SongPageController.m */; };
		8BC674C417B9D2CB001E71B1 /* TitleView.m in Sources */ = {isa = PBXBuildFile; fileRef = 8BC674C317B9D2CB001E71B1 /* TitleView.m */; };
		8BC674C717B9E1D8001E71B1 /* SongTitleView.m in Sources */ = {isa = PBXBuildFile; fileRef = 8BC674C617B9E1D8001E71B1 /* SongTitleView.m */; };
		8BC674CA17BC912C001E71B1 /* NSMutableAttributedString+Helpers.m in Sources */ = {isa = PBXBuildFile; fileRef = 8BC674C917BC912C001E71B1 /* NSMutableAttributedString+Helpers.m */; };
		8BE5A65217CD2356002028E5 /* FilteredSearchDataSource.m in Sources */ = {isa = PBXBuildFile; fileRef = 8BE5A65117CD2356002028E5 /* FilteredSearchDataSource.m */; };
		8BE5A65517CD8FA2002028E5 /* SmartSearchDataSource.m in Sources */ = {isa = PBXBuildFile; fileRef = 8BE5A65417CD8FA2002028E5 /* SmartSearchDataSource.m */; };
		8BE5A65817CEAC7C002028E5 /* ContextCell.m in Sources */ = {isa = PBXBuildFile; fileRef = 8BE5A65717CEAC7C002028E5 /* ContextCell.m */; };
		8BEB2A2617DD56CA006F118C /* PinchAnchor.m in Sources */ = {isa = PBXBuildFile; fileRef = 8BEB2A2517DD56CA006F118C /* PinchAnchor.m */; };
		8BEB2A2817DE8994006F118C /* songs.txt in Resources */ = {isa = PBXBuildFile; fileRef = 8BEB2A2717DE8994006F118C /* songs.txt */; };
		8BEB2A2B17DE8E30006F118C /* BookParser.m in Sources */ = {isa = PBXBuildFile; fileRef = 8BEB2A2A17DE8E30006F118C /* BookParser.m */; };
		8BED9F0D17C91E9A00D834BE /* TitlePageController.m in Sources */ = {isa = PBXBuildFile; fileRef = 8BED9F0C17C91E9A00D834BE /* TitlePageController.m */; };
		8BED9F1017C9418400D834BE /* GradientView.m in Sources */ = {isa = PBXBuildFile; fileRef = 8BED9F0F17C9418400D834BE /* GradientView.m */; };
/* End PBXBuildFile section */

/* Begin PBXContainerItemProxy section */
		8BA3060817A0BCF200A2ABDE /* PBXContainerItemProxy */ = {
			isa = PBXContainerItemProxy;
			containerPortal = 8BA305DA17A0BCF200A2ABDE /* Project object */;
			proxyType = 1;
			remoteGlobalIDString = 8BA305E117A0BCF200A2ABDE;
			remoteInfo = songbook;
		};
/* End PBXContainerItemProxy section */

/* Begin PBXFileReference section */
		8B088FC017C867440043341D /* UIView+Helpers.h */ = {isa = PBXFileReference; fileEncoding = 4; lastKnownFileType = sourcecode.c.h; path = "UIView+Helpers.h"; sourceTree = "<group>"; };
		8B088FC117C867440043341D /* UIView+Helpers.m */ = {isa = PBXFileReference; fileEncoding = 4; lastKnownFileType = sourcecode.c.objc; path = "UIView+Helpers.m"; sourceTree = "<group>"; };
		8B380E2817C6874100D8F905 /* SongbookViewController.h */ = {isa = PBXFileReference; fileEncoding = 4; lastKnownFileType = sourcecode.c.h; path = SongbookViewController.h; sourceTree = "<group>"; };
		8B380E2917C6874100D8F905 /* SongbookViewController.m */ = {isa = PBXFileReference; fileEncoding = 4; lastKnownFileType = sourcecode.c.objc; path = SongbookViewController.m; sourceTree = "<group>"; };
		8B6F1BED17ACB67D00F72C3D /* PageController.h */ = {isa = PBXFileReference; fileEncoding = 4; lastKnownFileType = sourcecode.c.h; path = PageController.h; sourceTree = "<group>"; };
		8B6F1BEE17ACB67D00F72C3D /* PageController.m */ = {isa = PBXFileReference; fileEncoding = 4; lastKnownFileType = sourcecode.c.objc; path = PageController.m; sourceTree = "<group>"; };
		8B6F1BF217ACBBFB00F72C3D /* BookPageController.h */ = {isa = PBXFileReference; fileEncoding = 4; lastKnownFileType = sourcecode.c.h; path = BookPageController.h; sourceTree = "<group>"; };
		8B6F1BF317ACBBFB00F72C3D /* BookPageController.m */ = {isa = PBXFileReference; fileEncoding = 4; lastKnownFileType = sourcecode.c.objc; path = BookPageController.m; sourceTree = "<group>"; };
		8B6F1BFB17ACBC4C00F72C3D /* SectionPageController.h */ = {isa = PBXFileReference; fileEncoding = 4; lastKnownFileType = sourcecode.c.h; path = SectionPageController.h; sourceTree = "<group>"; };
		8B6F1BFC17ACBC4C00F72C3D /* SectionPageController.m */ = {isa = PBXFileReference; fileEncoding = 4; lastKnownFileType = sourcecode.c.objc; path = SectionPageController.m; sourceTree = "<group>"; };
		8B810A5317D9519A00F339CE /* Token.h */ = {isa = PBXFileReference; fileEncoding = 4; lastKnownFileType = sourcecode.c.h; path = Token.h; sourceTree = "<group>"; };
		8B810A5417D9519A00F339CE /* Token.m */ = {isa = PBXFileReference; fileEncoding = 4; lastKnownFileType = sourcecode.c.objc; path = Token.m; sourceTree = "<group>"; };
		8B94531D17A5F15D00327479 /* Song+Helpers.h */ = {isa = PBXFileReference; fileEncoding = 4; lastKnownFileType = sourcecode.c.h; path = "Song+Helpers.h"; sourceTree = "<group>"; };
		8B94531E17A5F15D00327479 /* Song+Helpers.m */ = {isa = PBXFileReference; fileEncoding = 4; lastKnownFileType = sourcecode.c.objc; path = "Song+Helpers.m"; sourceTree = "<group>"; };
		8B94532017A5F3E500327479 /* Verse+Helpers.h */ = {isa = PBXFileReference; fileEncoding = 4; lastKnownFileType = sourcecode.c.h; path = "Verse+Helpers.h"; sourceTree = "<group>"; };
		8B94532117A5F3E500327479 /* Verse+Helpers.m */ = {isa = PBXFileReference; fileEncoding = 4; lastKnownFileType = sourcecode.c.objc; path = "Verse+Helpers.m"; sourceTree = "<group>"; };
		8B94532317A5F43800327479 /* Section+Helpers.h */ = {isa = PBXFileReference; lastKnownFileType = sourcecode.c.h; path = "Section+Helpers.h"; sourceTree = "<group>"; };
		8B94532417A5F43800327479 /* Section+Helpers.m */ = {isa = PBXFileReference; lastKnownFileType = sourcecode.c.objc; path = "Section+Helpers.m"; sourceTree = "<group>"; };
		8B94532617A5F4C900327479 /* Book+Helpers.h */ = {isa = PBXFileReference; fileEncoding = 4; lastKnownFileType = sourcecode.c.h; path = "Book+Helpers.h"; sourceTree = "<group>"; };
		8B94532717A5F4C900327479 /* Book+Helpers.m */ = {isa = PBXFileReference; fileEncoding = 4; lastKnownFileType = sourcecode.c.objc; path = "Book+Helpers.m"; sourceTree = "<group>"; };
		8BA305E217A0BCF200A2ABDE /* songbook.app */ = {isa = PBXFileReference; explicitFileType = wrapper.application; includeInIndex = 0; path = songbook.app; sourceTree = BUILT_PRODUCTS_DIR; };
		8BA305E517A0BCF200A2ABDE /* Foundation.framework */ = {isa = PBXFileReference; lastKnownFileType = wrapper.framework; name = Foundation.framework; path = System/Library/Frameworks/Foundation.framework; sourceTree = SDKROOT; };
		8BA305E717A0BCF200A2ABDE /* CoreGraphics.framework */ = {isa = PBXFileReference; lastKnownFileType = wrapper.framework; name = CoreGraphics.framework; path = System/Library/Frameworks/CoreGraphics.framework; sourceTree = SDKROOT; };
		8BA305E917A0BCF200A2ABDE /* UIKit.framework */ = {isa = PBXFileReference; lastKnownFileType = wrapper.framework; name = UIKit.framework; path = System/Library/Frameworks/UIKit.framework; sourceTree = SDKROOT; };
		8BA305EB17A0BCF200A2ABDE /* CoreData.framework */ = {isa = PBXFileReference; lastKnownFileType = wrapper.framework; name = CoreData.framework; path = System/Library/Frameworks/CoreData.framework; sourceTree = SDKROOT; };
		8BA305EF17A0BCF200A2ABDE /* songbook-Info.plist */ = {isa = PBXFileReference; lastKnownFileType = text.plist.xml; path = "songbook-Info.plist"; sourceTree = "<group>"; };
		8BA305F117A0BCF200A2ABDE /* en */ = {isa = PBXFileReference; lastKnownFileType = text.plist.strings; name = en; path = en.lproj/InfoPlist.strings; sourceTree = "<group>"; };
		8BA305F317A0BCF200A2ABDE /* main.m */ = {isa = PBXFileReference; lastKnownFileType = sourcecode.c.objc; path = main.m; sourceTree = "<group>"; };
		8BA305F517A0BCF200A2ABDE /* songbook-Prefix.pch */ = {isa = PBXFileReference; lastKnownFileType = sourcecode.c.h; path = "songbook-Prefix.pch"; sourceTree = "<group>"; };
		8BA305F617A0BCF200A2ABDE /* AppDelegate.h */ = {isa = PBXFileReference; lastKnownFileType = sourcecode.c.h; path = AppDelegate.h; sourceTree = "<group>"; };
		8BA305F717A0BCF200A2ABDE /* AppDelegate.m */ = {isa = PBXFileReference; lastKnownFileType = sourcecode.c.objc; path = AppDelegate.m; sourceTree = "<group>"; };
		8BA305FA17A0BCF200A2ABDE /* songbook.xcdatamodel */ = {isa = PBXFileReference; lastKnownFileType = wrapper.xcdatamodel; path = songbook.xcdatamodel; sourceTree = "<group>"; };
		8BA305FC17A0BCF200A2ABDE /* Images.xcassets */ = {isa = PBXFileReference; lastKnownFileType = folder.assetcatalog; path = Images.xcassets; sourceTree = "<group>"; };
		8BA3060217A0BCF200A2ABDE /* songbookTests.xctest */ = {isa = PBXFileReference; explicitFileType = wrapper.cfbundle; includeInIndex = 0; path = songbookTests.xctest; sourceTree = BUILT_PRODUCTS_DIR; };
		8BA3060317A0BCF200A2ABDE /* XCTest.framework */ = {isa = PBXFileReference; lastKnownFileType = wrapper.framework; name = XCTest.framework; path = Library/Frameworks/XCTest.framework; sourceTree = DEVELOPER_DIR; };
		8BA3060C17A0BCF200A2ABDE /* songbookTests-Info.plist */ = {isa = PBXFileReference; lastKnownFileType = text.plist.xml; path = "songbookTests-Info.plist"; sourceTree = "<group>"; };
		8BA3060E17A0BCF200A2ABDE /* en */ = {isa = PBXFileReference; lastKnownFileType = text.plist.strings; name = en; path = en.lproj/InfoPlist.strings; sourceTree = "<group>"; };
		8BA3061017A0BCF200A2ABDE /* songbookTests.m */ = {isa = PBXFileReference; lastKnownFileType = sourcecode.c.objc; path = songbookTests.m; sourceTree = "<group>"; };
		8BA3061A17A0BDAD00A2ABDE /* Songbook.storyboard */ = {isa = PBXFileReference; fileEncoding = 4; lastKnownFileType = file.storyboard; path = Songbook.storyboard; sourceTree = "<group>"; };
		8BA3061E17A0BE2B00A2ABDE /* Songbook~iPad.storyboard */ = {isa = PBXFileReference; lastKnownFileType = file.storyboard; path = "Songbook~iPad.storyboard"; sourceTree = "<group>"; };
		8BA3061F17A1640B00A2ABDE /* PageViewController.h */ = {isa = PBXFileReference; lastKnownFileType = sourcecode.c.h; path = PageViewController.h; sourceTree = "<group>"; };
		8BA3062017A1640B00A2ABDE /* PageViewController.m */ = {isa = PBXFileReference; lastKnownFileType = sourcecode.c.objc; path = PageViewController.m; sourceTree = "<group>"; };
		8BA5142717ADA275009E960D /* UIView+Debug.h */ = {isa = PBXFileReference; fileEncoding = 4; lastKnownFileType = sourcecode.c.h; path = "UIView+Debug.h"; sourceTree = "<group>"; };
		8BA5142817ADA275009E960D /* UIView+Debug.m */ = {isa = PBXFileReference; fileEncoding = 4; lastKnownFileType = sourcecode.c.objc; path = "UIView+Debug.m"; sourceTree = "<group>"; };
		8BA5E1CE17DB702600858741 /* UITableView+Helpers.h */ = {isa = PBXFileReference; fileEncoding = 4; lastKnownFileType = sourcecode.c.h; path = "UITableView+Helpers.h"; sourceTree = "<group>"; };
		8BA5E1CF17DB702600858741 /* UITableView+Helpers.m */ = {isa = PBXFileReference; fileEncoding = 4; lastKnownFileType = sourcecode.c.objc; path = "UITableView+Helpers.m"; sourceTree = "<group>"; };
		8BA785B117D5864D00BEF4D9 /* NSString+Helpers.h */ = {isa = PBXFileReference; fileEncoding = 4; lastKnownFileType = sourcecode.c.h; path = "NSString+Helpers.h"; sourceTree = "<group>"; };
		8BA785B217D5864D00BEF4D9 /* NSString+Helpers.m */ = {isa = PBXFileReference; fileEncoding = 4; lastKnownFileType = sourcecode.c.objc; path = "NSString+Helpers.m"; sourceTree = "<group>"; };
		8BA85DFD17B2F12200F6B3B7 /* SongbookModel.h */ = {isa = PBXFileReference; fileEncoding = 4; lastKnownFileType = sourcecode.c.h; path = SongbookModel.h; sourceTree = "<group>"; };
		8BAE5B4B17B1F7C5004631CA /* SearchViewController.h */ = {isa = PBXFileReference; fileEncoding = 4; lastKnownFileType = sourcecode.c.h; path = SearchViewController.h; sourceTree = "<group>"; };
		8BAE5B4C17B1F7C5004631CA /* SearchViewController.m */ = {isa = PBXFileReference; fileEncoding = 4; lastKnownFileType = sourcecode.c.objc; path = SearchViewController.m; sourceTree = "<group>"; };
		8BB02AE017CB97BE001CCB6C /* SimpleSearchDataSource.h */ = {isa = PBXFileReference; fileEncoding = 4; lastKnownFileType = sourcecode.c.h; path = SimpleSearchDataSource.h; sourceTree = "<group>"; };
		8BB02AE117CB97BE001CCB6C /* SimpleSearchDataSource.m */ = {isa = PBXFileReference; fileEncoding = 4; lastKnownFileType = sourcecode.c.objc; path = SimpleSearchDataSource.m; sourceTree = "<group>"; };
		8BB02AE317CC3935001CCB6C /* SearchDataSource.h */ = {isa = PBXFileReference; fileEncoding = 4; lastKnownFileType = sourcecode.c.h; path = SearchDataSource.h; sourceTree = "<group>"; };
		8BB18AD717A5DB76006E257C /* Section.h */ = {isa = PBXFileReference; fileEncoding = 4; lastKnownFileType = sourcecode.c.h; name = Section.h; path = ../Section.h; sourceTree = "<group>"; };
		8BB18AD817A5DB76006E257C /* Section.m */ = {isa = PBXFileReference; fileEncoding = 4; lastKnownFileType = sourcecode.c.objc; name = Section.m; path = ../Section.m; sourceTree = "<group>"; };
		8BB18ADA17A5DB77006E257C /* Song.h */ = {isa = PBXFileReference; fileEncoding = 4; lastKnownFileType = sourcecode.c.h; name = Song.h; path = ../Song.h; sourceTree = "<group>"; };
		8BB18ADB17A5DB77006E257C /* Song.m */ = {isa = PBXFileReference; fileEncoding = 4; lastKnownFileType = sourcecode.c.objc; name = Song.m; path = ../Song.m; sourceTree = "<group>"; };
		8BB18ADD17A5DB77006E257C /* Verse.h */ = {isa = PBXFileReference; fileEncoding = 4; lastKnownFileType = sourcecode.c.h; name = Verse.h; path = ../Verse.h; sourceTree = "<group>"; };
		8BB18ADE17A5DB77006E257C /* Verse.m */ = {isa = PBXFileReference; fileEncoding = 4; lastKnownFileType = sourcecode.c.objc; name = Verse.m; path = ../Verse.m; sourceTree = "<group>"; };
		8BB18AE017A5DB77006E257C /* Book.h */ = {isa = PBXFileReference; fileEncoding = 4; lastKnownFileType = sourcecode.c.h; name = Book.h; path = ../Book.h; sourceTree = "<group>"; };
		8BB18AE117A5DB77006E257C /* Book.m */ = {isa = PBXFileReference; fileEncoding = 4; lastKnownFileType = sourcecode.c.objc; name = Book.m; path = ../Book.m; sourceTree = "<group>"; };
		8BB18AE317A5EA57006E257C /* DataModelTests.h */ = {isa = PBXFileReference; fileEncoding = 4; lastKnownFileType = sourcecode.c.h; path = DataModelTests.h; sourceTree = "<group>"; };
		8BB18AE417A5EA57006E257C /* DataModelTests.m */ = {isa = PBXFileReference; fileEncoding = 4; lastKnownFileType = sourcecode.c.objc; path = DataModelTests.m; sourceTree = "<group>"; };
		8BB54D5A17A4C60700FD2914 /* PageServer.h */ = {isa = PBXFileReference; fileEncoding = 4; lastKnownFileType = sourcecode.c.h; name = PageServer.h; path = ../PageServer.h; sourceTree = "<group>"; };
		8BB54D5B17A4C60700FD2914 /* PageServer.m */ = {isa = PBXFileReference; fileEncoding = 4; lastKnownFileType = sourcecode.c.objc; name = PageServer.m; path = ../PageServer.m; sourceTree = "<group>"; };
		8BB54D5D17A4C79300FD2914 /* SongPageController.h */ = {isa = PBXFileReference; fileEncoding = 4; lastKnownFileType = sourcecode.c.h; path = SongPageController.h; sourceTree = "<group>"; };
		8BB54D5E17A4C79300FD2914 /* SongPageController.m */ = {isa = PBXFileReference; fileEncoding = 4; lastKnownFileType = sourcecode.c.objc; path = SongPageController.m; sourceTree = "<group>"; };
		8BC674C217B9D2CB001E71B1 /* TitleView.h */ = {isa = PBXFileReference; fileEncoding = 4; lastKnownFileType = sourcecode.c.h; path = TitleView.h; sourceTree = "<group>"; };
		8BC674C317B9D2CB001E71B1 /* TitleView.m */ = {isa = PBXFileReference; fileEncoding = 4; lastKnownFileType = sourcecode.c.objc; path = TitleView.m; sourceTree = "<group>"; };
		8BC674C517B9E1D8001E71B1 /* SongTitleView.h */ = {isa = PBXFileReference; fileEncoding = 4; lastKnownFileType = sourcecode.c.h; path = SongTitleView.h; sourceTree = "<group>"; };
		8BC674C617B9E1D8001E71B1 /* SongTitleView.m */ = {isa = PBXFileReference; fileEncoding = 4; lastKnownFileType = sourcecode.c.objc; path = SongTitleView.m; sourceTree = "<group>"; };
		8BC674C817BC912C001E71B1 /* NSMutableAttributedString+Helpers.h */ = {isa = PBXFileReference; fileEncoding = 4; lastKnownFileType = sourcecode.c.h; path = "NSMutableAttributedString+Helpers.h"; sourceTree = "<group>"; };
		8BC674C917BC912C001E71B1 /* NSMutableAttributedString+Helpers.m */ = {isa = PBXFileReference; fileEncoding = 4; lastKnownFileType = sourcecode.c.objc; path = "NSMutableAttributedString+Helpers.m"; sourceTree = "<group>"; };
		8BE5A65017CD2356002028E5 /* FilteredSearchDataSource.h */ = {isa = PBXFileReference; fileEncoding = 4; lastKnownFileType = sourcecode.c.h; path = FilteredSearchDataSource.h; sourceTree = "<group>"; };
		8BE5A65117CD2356002028E5 /* FilteredSearchDataSource.m */ = {isa = PBXFileReference; fileEncoding = 4; lastKnownFileType = sourcecode.c.objc; path = FilteredSearchDataSource.m; sourceTree = "<group>"; };
		8BE5A65317CD8FA2002028E5 /* SmartSearchDataSource.h */ = {isa = PBXFileReference; fileEncoding = 4; lastKnownFileType = sourcecode.c.h; path = SmartSearchDataSource.h; sourceTree = "<group>"; };
		8BE5A65417CD8FA2002028E5 /* SmartSearchDataSource.m */ = {isa = PBXFileReference; fileEncoding = 4; lastKnownFileType = sourcecode.c.objc; path = SmartSearchDataSource.m; sourceTree = "<group>"; };
		8BE5A65617CEAC7C002028E5 /* ContextCell.h */ = {isa = PBXFileReference; fileEncoding = 4; lastKnownFileType = sourcecode.c.h; path = ContextCell.h; sourceTree = "<group>"; };
		8BE5A65717CEAC7C002028E5 /* ContextCell.m */ = {isa = PBXFileReference; fileEncoding = 4; lastKnownFileType = sourcecode.c.objc; path = ContextCell.m; sourceTree = "<group>"; };
		8BEB2A2417DD56CA006F118C /* PinchAnchor.h */ = {isa = PBXFileReference; fileEncoding = 4; lastKnownFileType = sourcecode.c.h; path = PinchAnchor.h; sourceTree = "<group>"; };
		8BEB2A2517DD56CA006F118C /* PinchAnchor.m */ = {isa = PBXFileReference; fileEncoding = 4; lastKnownFileType = sourcecode.c.objc; path = PinchAnchor.m; sourceTree = "<group>"; };
		8BEB2A2717DE8994006F118C /* songs.txt */ = {isa = PBXFileReference; fileEncoding = 4; lastKnownFileType = text; path = songs.txt; sourceTree = "<group>"; };
		8BEB2A2917DE8E30006F118C /* BookParser.h */ = {isa = PBXFileReference; fileEncoding = 4; lastKnownFileType = sourcecode.c.h; path = BookParser.h; sourceTree = "<group>"; };
		8BEB2A2A17DE8E30006F118C /* BookParser.m */ = {isa = PBXFileReference; fileEncoding = 4; lastKnownFileType = sourcecode.c.objc; path = BookParser.m; sourceTree = "<group>"; };
		8BED9F0B17C91E9A00D834BE /* TitlePageController.h */ = {isa = PBXFileReference; fileEncoding = 4; lastKnownFileType = sourcecode.c.h; path = TitlePageController.h; sourceTree = "<group>"; };
		8BED9F0C17C91E9A00D834BE /* TitlePageController.m */ = {isa = PBXFileReference; fileEncoding = 4; lastKnownFileType = sourcecode.c.objc; path = TitlePageController.m; sourceTree = "<group>"; };
		8BED9F0E17C9418400D834BE /* GradientView.h */ = {isa = PBXFileReference; fileEncoding = 4; lastKnownFileType = sourcecode.c.h; path = GradientView.h; sourceTree = "<group>"; };
		8BED9F0F17C9418400D834BE /* GradientView.m */ = {isa = PBXFileReference; fileEncoding = 4; lastKnownFileType = sourcecode.c.objc; path = GradientView.m; sourceTree = "<group>"; };
/* End PBXFileReference section */

/* Begin PBXFrameworksBuildPhase section */
		8BA305DF17A0BCF200A2ABDE /* Frameworks */ = {
			isa = PBXFrameworksBuildPhase;
			buildActionMask = 2147483647;
			files = (
				8BA305E817A0BCF200A2ABDE /* CoreGraphics.framework in Frameworks */,
				8BA305EC17A0BCF200A2ABDE /* CoreData.framework in Frameworks */,
				8BA305EA17A0BCF200A2ABDE /* UIKit.framework in Frameworks */,
				8BA305E617A0BCF200A2ABDE /* Foundation.framework in Frameworks */,
			);
			runOnlyForDeploymentPostprocessing = 0;
		};
		8BA305FF17A0BCF200A2ABDE /* Frameworks */ = {
			isa = PBXFrameworksBuildPhase;
			buildActionMask = 2147483647;
			files = (
				8BA3060417A0BCF200A2ABDE /* XCTest.framework in Frameworks */,
				8BA3060717A0BCF200A2ABDE /* CoreData.framework in Frameworks */,
				8BA3060617A0BCF200A2ABDE /* UIKit.framework in Frameworks */,
				8BA3060517A0BCF200A2ABDE /* Foundation.framework in Frameworks */,
			);
			runOnlyForDeploymentPostprocessing = 0;
		};
/* End PBXFrameworksBuildPhase section */

/* Begin PBXGroup section */
		8B6F1BEC17ACB4E100F72C3D /* Song Pages */ = {
			isa = PBXGroup;
			children = (
				8BB54D5D17A4C79300FD2914 /* SongPageController.h */,
				8BB54D5E17A4C79300FD2914 /* SongPageController.m */,
				8BC674C517B9E1D8001E71B1 /* SongTitleView.h */,
				8BC674C617B9E1D8001E71B1 /* SongTitleView.m */,
			);
			name = "Song Pages";
			sourceTree = "<group>";
		};
		8B6F1BF017ACBBCA00F72C3D /* Book Pages */ = {
			isa = PBXGroup;
			children = (
				8B6F1BF217ACBBFB00F72C3D /* BookPageController.h */,
				8B6F1BF317ACBBFB00F72C3D /* BookPageController.m */,
			);
			name = "Book Pages";
			sourceTree = "<group>";
		};
		8B6F1BF117ACBBD100F72C3D /* Section Pages */ = {
			isa = PBXGroup;
			children = (
				8B6F1BFB17ACBC4C00F72C3D /* SectionPageController.h */,
				8B6F1BFC17ACBC4C00F72C3D /* SectionPageController.m */,
			);
			name = "Section Pages";
			sourceTree = "<group>";
		};
		8B6F1BFE17AD519300F72C3D /* Pages */ = {
			isa = PBXGroup;
			children = (
				8B6F1BED17ACB67D00F72C3D /* PageController.h */,
				8B6F1BEE17ACB67D00F72C3D /* PageController.m */,
				8BC674C217B9D2CB001E71B1 /* TitleView.h */,
				8BC674C317B9D2CB001E71B1 /* TitleView.m */,
				8BED9F0B17C91E9A00D834BE /* TitlePageController.h */,
				8BED9F0C17C91E9A00D834BE /* TitlePageController.m */,
				8BEB2A2417DD56CA006F118C /* PinchAnchor.h */,
				8BEB2A2517DD56CA006F118C /* PinchAnchor.m */,
			);
			name = Pages;
			sourceTree = "<group>";
		};
		8BA0DB5317D7607E00CF7CBB /* SmartDataSource */ = {
			isa = PBXGroup;
			children = (
				8BE5A65317CD8FA2002028E5 /* SmartSearchDataSource.h */,
				8BE5A65417CD8FA2002028E5 /* SmartSearchDataSource.m */,
			);
			name = SmartDataSource;
			sourceTree = "<group>";
		};
		8BA305D917A0BCF200A2ABDE = {
			isa = PBXGroup;
			children = (
				8BA305ED17A0BCF200A2ABDE /* songbook */,
				8BA3060A17A0BCF200A2ABDE /* songbookTests */,
				8BA305E417A0BCF200A2ABDE /* Frameworks */,
				8BA305E317A0BCF200A2ABDE /* Products */,
			);
			sourceTree = "<group>";
		};
		8BA305E317A0BCF200A2ABDE /* Products */ = {
			isa = PBXGroup;
			children = (
				8BA305E217A0BCF200A2ABDE /* songbook.app */,
				8BA3060217A0BCF200A2ABDE /* songbookTests.xctest */,
			);
			name = Products;
			sourceTree = "<group>";
		};
		8BA305E417A0BCF200A2ABDE /* Frameworks */ = {
			isa = PBXGroup;
			children = (
				8BA305E517A0BCF200A2ABDE /* Foundation.framework */,
				8BA305E717A0BCF200A2ABDE /* CoreGraphics.framework */,
				8BA305E917A0BCF200A2ABDE /* UIKit.framework */,
				8BA305EB17A0BCF200A2ABDE /* CoreData.framework */,
				8BA3060317A0BCF200A2ABDE /* XCTest.framework */,
			);
			name = Frameworks;
			sourceTree = "<group>";
		};
		8BA305ED17A0BCF200A2ABDE /* songbook */ = {
			isa = PBXGroup;
			children = (
				8BAE5B4E17B1F7DC004631CA /* Search */,
				8B6F1BFE17AD519300F72C3D /* Pages */,
				8B6F1BF117ACBBD100F72C3D /* Section Pages */,
				8B6F1BF017ACBBCA00F72C3D /* Book Pages */,
				8B6F1BEC17ACB4E100F72C3D /* Song Pages */,
				8BA305FC17A0BCF200A2ABDE /* Images.xcassets */,
				8BA3061A17A0BDAD00A2ABDE /* Songbook.storyboard */,
				8BEB2A2917DE8E30006F118C /* BookParser.h */,
				8BEB2A2A17DE8E30006F118C /* BookParser.m */,
				8BA3061E17A0BE2B00A2ABDE /* Songbook~iPad.storyboard */,
				8B380E2817C6874100D8F905 /* SongbookViewController.h */,
				8B380E2917C6874100D8F905 /* SongbookViewController.m */,
				8BA3061F17A1640B00A2ABDE /* PageViewController.h */,
				8BA3062017A1640B00A2ABDE /* PageViewController.m */,
				8BB54D5A17A4C60700FD2914 /* PageServer.h */,
				8BB54D5B17A4C60700FD2914 /* PageServer.m */,
				8BED9F0E17C9418400D834BE /* GradientView.h */,
				8BED9F0F17C9418400D834BE /* GradientView.m */,
				8BB18AD617A5DAD2006E257C /* Data Model */,
				8BA305EE17A0BCF200A2ABDE /* Supporting Files */,
			);
			path = songbook;
			sourceTree = "<group>";
		};
		8BA305EE17A0BCF200A2ABDE /* Supporting Files */ = {
			isa = PBXGroup;
			children = (
				8BEB2A2717DE8994006F118C /* songs.txt */,
				8BA305F617A0BCF200A2ABDE /* AppDelegate.h */,
				8BA305F717A0BCF200A2ABDE /* AppDelegate.m */,
				8BA305EF17A0BCF200A2ABDE /* songbook-Info.plist */,
				8BA305F017A0BCF200A2ABDE /* InfoPlist.strings */,
				8BA305F317A0BCF200A2ABDE /* main.m */,
				8BA305F517A0BCF200A2ABDE /* songbook-Prefix.pch */,
				8BA5142717ADA275009E960D /* UIView+Debug.h */,
				8BA5142817ADA275009E960D /* UIView+Debug.m */,
				8BA785B117D5864D00BEF4D9 /* NSString+Helpers.h */,
				8BA785B217D5864D00BEF4D9 /* NSString+Helpers.m */,
				8BC674C817BC912C001E71B1 /* NSMutableAttributedString+Helpers.h */,
				8BC674C917BC912C001E71B1 /* NSMutableAttributedString+Helpers.m */,
				8B088FC017C867440043341D /* UIView+Helpers.h */,
				8B088FC117C867440043341D /* UIView+Helpers.m */,
				8BA5E1CE17DB702600858741 /* UITableView+Helpers.h */,
				8BA5E1CF17DB702600858741 /* UITableView+Helpers.m */,
			);
			name = "Supporting Files";
			sourceTree = "<group>";
		};
		8BA3060A17A0BCF200A2ABDE /* songbookTests */ = {
			isa = PBXGroup;
			children = (
				8BA3061017A0BCF200A2ABDE /* songbookTests.m */,
				8BA3060B17A0BCF200A2ABDE /* Supporting Files */,
			);
			path = songbookTests;
			sourceTree = "<group>";
		};
		8BA3060B17A0BCF200A2ABDE /* Supporting Files */ = {
			isa = PBXGroup;
			children = (
				8BA3060C17A0BCF200A2ABDE /* songbookTests-Info.plist */,
				8BA3060D17A0BCF200A2ABDE /* InfoPlist.strings */,
			);
			name = "Supporting Files";
			sourceTree = "<group>";
		};
		8BAE5B4E17B1F7DC004631CA /* Search */ = {
			isa = PBXGroup;
			children = (
				8BA0DB5317D7607E00CF7CBB /* SmartDataSource */,
				8BE5A65B17CEF6FE002028E5 /* FilteredDataSource */,
				8BE5A65A17CEF6D4002028E5 /* SimpleDataSource */,
				8BE5A65917CEF6BA002028E5 /* Cells */,
				8BAE5B4B17B1F7C5004631CA /* SearchViewController.h */,
				8BAE5B4C17B1F7C5004631CA /* SearchViewController.m */,
				8BB02AE317CC3935001CCB6C /* SearchDataSource.h */,
			);
			name = Search;
			sourceTree = "<group>";
		};
		8BB18AD617A5DAD2006E257C /* Data Model */ = {
			isa = PBXGroup;
			children = (
				8BB18AE017A5DB77006E257C /* Book.h */,
				8BB18AE117A5DB77006E257C /* Book.m */,
				8BB18ADD17A5DB77006E257C /* Verse.h */,
				8BB18ADE17A5DB77006E257C /* Verse.m */,
				8BB18ADA17A5DB77006E257C /* Song.h */,
				8BB18ADB17A5DB77006E257C /* Song.m */,
				8BB18AD717A5DB76006E257C /* Section.h */,
				8BB18AD817A5DB76006E257C /* Section.m */,
				8BA305F917A0BCF200A2ABDE /* songbook.xcdatamodeld */,
				8BB18AE317A5EA57006E257C /* DataModelTests.h */,
				8BB18AE417A5EA57006E257C /* DataModelTests.m */,
				8B94531D17A5F15D00327479 /* Song+Helpers.h */,
				8B94531E17A5F15D00327479 /* Song+Helpers.m */,
				8B94532017A5F3E500327479 /* Verse+Helpers.h */,
				8B94532117A5F3E500327479 /* Verse+Helpers.m */,
				8B94532317A5F43800327479 /* Section+Helpers.h */,
				8B94532417A5F43800327479 /* Section+Helpers.m */,
				8B94532617A5F4C900327479 /* Book+Helpers.h */,
				8B94532717A5F4C900327479 /* Book+Helpers.m */,
				8BA85DFD17B2F12200F6B3B7 /* SongbookModel.h */,
				8B810A5317D9519A00F339CE /* Token.h */,
				8B810A5417D9519A00F339CE /* Token.m */,
			);
			name = "Data Model";
			sourceTree = "<group>";
		};
		8BE5A65917CEF6BA002028E5 /* Cells */ = {
			isa = PBXGroup;
			children = (
				8BE5A65617CEAC7C002028E5 /* ContextCell.h */,
				8BE5A65717CEAC7C002028E5 /* ContextCell.m */,
			);
			name = Cells;
			sourceTree = "<group>";
		};
		8BE5A65A17CEF6D4002028E5 /* SimpleDataSource */ = {
			isa = PBXGroup;
			children = (
				8BB02AE017CB97BE001CCB6C /* SimpleSearchDataSource.h */,
				8BB02AE117CB97BE001CCB6C /* SimpleSearchDataSource.m */,
			);
			name = SimpleDataSource;
			sourceTree = "<group>";
		};
		8BE5A65B17CEF6FE002028E5 /* FilteredDataSource */ = {
			isa = PBXGroup;
			children = (
				8BE5A65017CD2356002028E5 /* FilteredSearchDataSource.h */,
				8BE5A65117CD2356002028E5 /* FilteredSearchDataSource.m */,
			);
			name = FilteredDataSource;
			sourceTree = "<group>";
		};
/* End PBXGroup section */

/* Begin PBXNativeTarget section */
		8BA305E117A0BCF200A2ABDE /* songbook */ = {
			isa = PBXNativeTarget;
			buildConfigurationList = 8BA3061417A0BCF200A2ABDE /* Build configuration list for PBXNativeTarget "songbook" */;
			buildPhases = (
				8BA305DE17A0BCF200A2ABDE /* Sources */,
				8BA305DF17A0BCF200A2ABDE /* Frameworks */,
				8BA305E017A0BCF200A2ABDE /* Resources */,
			);
			buildRules = (
			);
			dependencies = (
			);
			name = songbook;
			productName = songbook;
			productReference = 8BA305E217A0BCF200A2ABDE /* songbook.app */;
			productType = "com.apple.product-type.application";
		};
		8BA3060117A0BCF200A2ABDE /* songbookTests */ = {
			isa = PBXNativeTarget;
			buildConfigurationList = 8BA3061717A0BCF200A2ABDE /* Build configuration list for PBXNativeTarget "songbookTests" */;
			buildPhases = (
				8BA305FE17A0BCF200A2ABDE /* Sources */,
				8BA305FF17A0BCF200A2ABDE /* Frameworks */,
				8BA3060017A0BCF200A2ABDE /* Resources */,
			);
			buildRules = (
			);
			dependencies = (
				8BA3060917A0BCF200A2ABDE /* PBXTargetDependency */,
			);
			name = songbookTests;
			productName = songbookTests;
			productReference = 8BA3060217A0BCF200A2ABDE /* songbookTests.xctest */;
			productType = "com.apple.product-type.bundle.unit-test";
		};
/* End PBXNativeTarget section */

/* Begin PBXProject section */
		8BA305DA17A0BCF200A2ABDE /* Project object */ = {
			isa = PBXProject;
			attributes = {
				LastUpgradeCheck = 0500;
				ORGANIZATIONNAME = "Paul Himes";
				TargetAttributes = {
					8BA3060117A0BCF200A2ABDE = {
						TestTargetID = 8BA305E117A0BCF200A2ABDE;
					};
				};
			};
			buildConfigurationList = 8BA305DD17A0BCF200A2ABDE /* Build configuration list for PBXProject "songbook" */;
			compatibilityVersion = "Xcode 3.2";
			developmentRegion = English;
			hasScannedForEncodings = 0;
			knownRegions = (
				en,
			);
			mainGroup = 8BA305D917A0BCF200A2ABDE;
			productRefGroup = 8BA305E317A0BCF200A2ABDE /* Products */;
			projectDirPath = "";
			projectRoot = "";
			targets = (
				8BA305E117A0BCF200A2ABDE /* songbook */,
				8BA3060117A0BCF200A2ABDE /* songbookTests */,
			);
		};
/* End PBXProject section */

/* Begin PBXResourcesBuildPhase section */
		8BA305E017A0BCF200A2ABDE /* Resources */ = {
			isa = PBXResourcesBuildPhase;
			buildActionMask = 2147483647;
			files = (
				8BA305F217A0BCF200A2ABDE /* InfoPlist.strings in Resources */,
				8BEB2A2817DE8994006F118C /* songs.txt in Resources */,
				8BA3061B17A0BDAD00A2ABDE /* Songbook.storyboard in Resources */,
				8BA305FD17A0BCF200A2ABDE /* Images.xcassets in Resources */,
			);
			runOnlyForDeploymentPostprocessing = 0;
		};
		8BA3060017A0BCF200A2ABDE /* Resources */ = {
			isa = PBXResourcesBuildPhase;
			buildActionMask = 2147483647;
			files = (
				8BA3060F17A0BCF200A2ABDE /* InfoPlist.strings in Resources */,
			);
			runOnlyForDeploymentPostprocessing = 0;
		};
/* End PBXResourcesBuildPhase section */

/* Begin PBXSourcesBuildPhase section */
		8BA305DE17A0BCF200A2ABDE /* Sources */ = {
			isa = PBXSourcesBuildPhase;
			buildActionMask = 2147483647;
			files = (
				8BC674CA17BC912C001E71B1 /* NSMutableAttributedString+Helpers.m in Sources */,
				8BC674C717B9E1D8001E71B1 /* SongTitleView.m in Sources */,
				8BB18AE517A5EA57006E257C /* DataModelTests.m in Sources */,
				8BA785B317D5864D00BEF4D9 /* NSString+Helpers.m in Sources */,
				8BEB2A2617DD56CA006F118C /* PinchAnchor.m in Sources */,
				8BED9F0D17C91E9A00D834BE /* TitlePageController.m in Sources */,
				8BB18AE217A5DB77006E257C /* Book.m in Sources */,
				8BAE5B4D17B1F7C5004631CA /* SearchViewController.m in Sources */,
				8B6F1BEF17ACB67D00F72C3D /* PageController.m in Sources */,
				8BA5142917ADA275009E960D /* UIView+Debug.m in Sources */,
				8BB18ADC17A5DB77006E257C /* Song.m in Sources */,
				8BA305F817A0BCF200A2ABDE /* AppDelegate.m in Sources */,
				8BA5E1D017DB702600858741 /* UITableView+Helpers.m in Sources */,
				8BED9F1017C9418400D834BE /* GradientView.m in Sources */,
				8BA305FB17A0BCF200A2ABDE /* songbook.xcdatamodeld in Sources */,
				8B94532517A5F44000327479 /* Section+Helpers.m in Sources */,
				8BB18ADF17A5DB77006E257C /* Verse.m in Sources */,
				8BE5A65517CD8FA2002028E5 /* SmartSearchDataSource.m in Sources */,
				8BB02AE217CB97BE001CCB6C /* SimpleSearchDataSource.m in Sources */,
				8BA305F417A0BCF200A2ABDE /* main.m in Sources */,
				8B088FC217C867440043341D /* UIView+Helpers.m in Sources */,
				8BB54D5F17A4C79300FD2914 /* SongPageController.m in Sources */,
				8BC674C417B9D2CB001E71B1 /* TitleView.m in Sources */,
				8B810A5517D9519A00F339CE /* Token.m in Sources */,
				8BB18AD917A5DB76006E257C /* Section.m in Sources */,
				8BE5A65217CD2356002028E5 /* FilteredSearchDataSource.m in Sources */,
				8BB54D5C17A4C60700FD2914 /* PageServer.m in Sources */,
				8B380E2A17C6874100D8F905 /* SongbookViewController.m in Sources */,
				8B94532217A5F3E500327479 /* Verse+Helpers.m in Sources */,
				8B6F1BFD17ACBC4C00F72C3D /* SectionPageController.m in Sources */,
				8B94532817A5F4C900327479 /* Book+Helpers.m in Sources */,
				8BEB2A2B17DE8E30006F118C /* BookParser.m in Sources */,
				8B94531F17A5F15D00327479 /* Song+Helpers.m in Sources */,
				8BA3062117A1656B00A2ABDE /* PageViewController.m in Sources */,
				8BE5A65817CEAC7C002028E5 /* ContextCell.m in Sources */,
				8B6F1BF417ACBBFB00F72C3D /* BookPageController.m in Sources */,
			);
			runOnlyForDeploymentPostprocessing = 0;
		};
		8BA305FE17A0BCF200A2ABDE /* Sources */ = {
			isa = PBXSourcesBuildPhase;
			buildActionMask = 2147483647;
			files = (
				8BA3061117A0BCF200A2ABDE /* songbookTests.m in Sources */,
			);
			runOnlyForDeploymentPostprocessing = 0;
		};
/* End PBXSourcesBuildPhase section */

/* Begin PBXTargetDependency section */
		8BA3060917A0BCF200A2ABDE /* PBXTargetDependency */ = {
			isa = PBXTargetDependency;
			target = 8BA305E117A0BCF200A2ABDE /* songbook */;
			targetProxy = 8BA3060817A0BCF200A2ABDE /* PBXContainerItemProxy */;
		};
/* End PBXTargetDependency section */

/* Begin PBXVariantGroup section */
		8BA305F017A0BCF200A2ABDE /* InfoPlist.strings */ = {
			isa = PBXVariantGroup;
			children = (
				8BA305F117A0BCF200A2ABDE /* en */,
			);
			name = InfoPlist.strings;
			sourceTree = "<group>";
		};
		8BA3060D17A0BCF200A2ABDE /* InfoPlist.strings */ = {
			isa = PBXVariantGroup;
			children = (
				8BA3060E17A0BCF200A2ABDE /* en */,
			);
			name = InfoPlist.strings;
			sourceTree = "<group>";
		};
/* End PBXVariantGroup section */

/* Begin XCBuildConfiguration section */
		8BA3061217A0BCF200A2ABDE /* Debug */ = {
			isa = XCBuildConfiguration;
			buildSettings = {
				ALWAYS_SEARCH_USER_PATHS = NO;
				CLANG_CXX_LANGUAGE_STANDARD = "gnu++0x";
				CLANG_CXX_LIBRARY = "libc++";
				CLANG_ENABLE_MODULES = YES;
				CLANG_ENABLE_OBJC_ARC = YES;
				CLANG_WARN_BOOL_CONVERSION = YES;
				CLANG_WARN_CONSTANT_CONVERSION = YES;
				CLANG_WARN_DIRECT_OBJC_ISA_USAGE = YES_ERROR;
				CLANG_WARN_EMPTY_BODY = YES;
				CLANG_WARN_ENUM_CONVERSION = YES;
				CLANG_WARN_INT_CONVERSION = YES;
				CLANG_WARN_OBJC_ROOT_CLASS = YES_ERROR;
				CLANG_WARN__DUPLICATE_METHOD_MATCH = YES;
				"CODE_SIGN_IDENTITY[sdk=iphoneos*]" = "iPhone Developer";
				COPY_PHASE_STRIP = NO;
				GCC_C_LANGUAGE_STANDARD = gnu99;
				GCC_DYNAMIC_NO_PIC = NO;
				GCC_OPTIMIZATION_LEVEL = 0;
				GCC_PREPROCESSOR_DEFINITIONS = (
					"DEBUG=1",
					"$(inherited)",
				);
				GCC_SYMBOLS_PRIVATE_EXTERN = NO;
				GCC_WARN_ABOUT_RETURN_TYPE = YES_ERROR;
				GCC_WARN_UNDECLARED_SELECTOR = YES;
				GCC_WARN_UNINITIALIZED_AUTOS = YES;
				GCC_WARN_UNUSED_FUNCTION = YES;
				GCC_WARN_UNUSED_VARIABLE = YES;
				IPHONEOS_DEPLOYMENT_TARGET = 7.0;
				ONLY_ACTIVE_ARCH = YES;
				SDKROOT = iphoneos;
				TARGETED_DEVICE_FAMILY = "1,2";
			};
			name = Debug;
		};
		8BA3061317A0BCF200A2ABDE /* Release */ = {
			isa = XCBuildConfiguration;
			buildSettings = {
				ALWAYS_SEARCH_USER_PATHS = NO;
				CLANG_CXX_LANGUAGE_STANDARD = "gnu++0x";
				CLANG_CXX_LIBRARY = "libc++";
				CLANG_ENABLE_MODULES = YES;
				CLANG_ENABLE_OBJC_ARC = YES;
				CLANG_WARN_BOOL_CONVERSION = YES;
				CLANG_WARN_CONSTANT_CONVERSION = YES;
				CLANG_WARN_DIRECT_OBJC_ISA_USAGE = YES_ERROR;
				CLANG_WARN_EMPTY_BODY = YES;
				CLANG_WARN_ENUM_CONVERSION = YES;
				CLANG_WARN_INT_CONVERSION = YES;
				CLANG_WARN_OBJC_ROOT_CLASS = YES_ERROR;
				CLANG_WARN__DUPLICATE_METHOD_MATCH = YES;
				"CODE_SIGN_IDENTITY[sdk=iphoneos*]" = "iPhone Developer";
				COPY_PHASE_STRIP = YES;
				ENABLE_NS_ASSERTIONS = NO;
				GCC_C_LANGUAGE_STANDARD = gnu99;
				GCC_WARN_ABOUT_RETURN_TYPE = YES_ERROR;
				GCC_WARN_UNDECLARED_SELECTOR = YES;
				GCC_WARN_UNINITIALIZED_AUTOS = YES;
				GCC_WARN_UNUSED_FUNCTION = YES;
				GCC_WARN_UNUSED_VARIABLE = YES;
				IPHONEOS_DEPLOYMENT_TARGET = 7.0;
				SDKROOT = iphoneos;
				TARGETED_DEVICE_FAMILY = "1,2";
				VALIDATE_PRODUCT = YES;
			};
			name = Release;
		};
		8BA3061517A0BCF200A2ABDE /* Debug */ = {
			isa = XCBuildConfiguration;
			buildSettings = {
				ASSETCATALOG_COMPILER_APPICON_NAME = AppIcon;
				ASSETCATALOG_COMPILER_LAUNCHIMAGE_NAME = LaunchImage;
				GCC_PRECOMPILE_PREFIX_HEADER = YES;
				GCC_PREFIX_HEADER = "songbook/songbook-Prefix.pch";
				INFOPLIST_FILE = "songbook/songbook-Info.plist";
				PRODUCT_NAME = "$(TARGET_NAME)";
				WRAPPER_EXTENSION = app;
			};
			name = Debug;
		};
		8BA3061617A0BCF200A2ABDE /* Release */ = {
			isa = XCBuildConfiguration;
			buildSettings = {
				ASSETCATALOG_COMPILER_APPICON_NAME = AppIcon;
				ASSETCATALOG_COMPILER_LAUNCHIMAGE_NAME = LaunchImage;
				GCC_PRECOMPILE_PREFIX_HEADER = YES;
				GCC_PREFIX_HEADER = "songbook/songbook-Prefix.pch";
				INFOPLIST_FILE = "songbook/songbook-Info.plist";
				PRODUCT_NAME = "$(TARGET_NAME)";
				WRAPPER_EXTENSION = app;
			};
			name = Release;
		};
		8BA3061817A0BCF200A2ABDE /* Debug */ = {
			isa = XCBuildConfiguration;
			buildSettings = {
				BUNDLE_LOADER = "$(BUILT_PRODUCTS_DIR)/songbook.app/songbook";
				FRAMEWORK_SEARCH_PATHS = (
					"$(SDKROOT)/Developer/Library/Frameworks",
					"$(inherited)",
					"$(SYSTEM_APPS_DIR)/Xcode5-DP3.app/Contents/Developer/Library/Frameworks",
				);
				GCC_PRECOMPILE_PREFIX_HEADER = YES;
				GCC_PREFIX_HEADER = "songbook/songbook-Prefix.pch";
				GCC_PREPROCESSOR_DEFINITIONS = (
					"DEBUG=1",
					"$(inherited)",
				);
				INFOPLIST_FILE = "songbookTests/songbookTests-Info.plist";
				PRODUCT_NAME = "$(TARGET_NAME)";
				TEST_HOST = "$(BUNDLE_LOADER)";
				WRAPPER_EXTENSION = xctest;
			};
			name = Debug;
		};
		8BA3061917A0BCF200A2ABDE /* Release */ = {
			isa = XCBuildConfiguration;
			buildSettings = {
				BUNDLE_LOADER = "$(BUILT_PRODUCTS_DIR)/songbook.app/songbook";
				FRAMEWORK_SEARCH_PATHS = (
					"$(SDKROOT)/Developer/Library/Frameworks",
					"$(inherited)",
					"$(SYSTEM_APPS_DIR)/Xcode5-DP3.app/Contents/Developer/Library/Frameworks",
				);
				GCC_PRECOMPILE_PREFIX_HEADER = YES;
				GCC_PREFIX_HEADER = "songbook/songbook-Prefix.pch";
				INFOPLIST_FILE = "songbookTests/songbookTests-Info.plist";
				PRODUCT_NAME = "$(TARGET_NAME)";
				TEST_HOST = "$(BUNDLE_LOADER)";
				WRAPPER_EXTENSION = xctest;
			};
			name = Release;
		};
/* End XCBuildConfiguration section */

/* Begin XCConfigurationList section */
		8BA305DD17A0BCF200A2ABDE /* Build configuration list for PBXProject "songbook" */ = {
			isa = XCConfigurationList;
			buildConfigurations = (
				8BA3061217A0BCF200A2ABDE /* Debug */,
				8BA3061317A0BCF200A2ABDE /* Release */,
			);
			defaultConfigurationIsVisible = 0;
			defaultConfigurationName = Release;
		};
		8BA3061417A0BCF200A2ABDE /* Build configuration list for PBXNativeTarget "songbook" */ = {
			isa = XCConfigurationList;
			buildConfigurations = (
				8BA3061517A0BCF200A2ABDE /* Debug */,
				8BA3061617A0BCF200A2ABDE /* Release */,
			);
			defaultConfigurationIsVisible = 0;
			defaultConfigurationName = Release;
		};
		8BA3061717A0BCF200A2ABDE /* Build configuration list for PBXNativeTarget "songbookTests" */ = {
			isa = XCConfigurationList;
			buildConfigurations = (
				8BA3061817A0BCF200A2ABDE /* Debug */,
				8BA3061917A0BCF200A2ABDE /* Release */,
			);
			defaultConfigurationIsVisible = 0;
			defaultConfigurationName = Release;
		};
/* End XCConfigurationList section */

/* Begin XCVersionGroup section */
		8BA305F917A0BCF200A2ABDE /* songbook.xcdatamodeld */ = {
			isa = XCVersionGroup;
			children = (
				8BA305FA17A0BCF200A2ABDE /* songbook.xcdatamodel */,
			);
			currentVersion = 8BA305FA17A0BCF200A2ABDE /* songbook.xcdatamodel */;
			path = songbook.xcdatamodeld;
			sourceTree = "<group>";
			versionGroupType = wrapper.xcdatamodel;
		};
/* End XCVersionGroup section */
	};
	rootObject = 8BA305DA17A0BCF200A2ABDE /* Project object */;
}
