// !$*UTF8*$!
{
	archiveVersion = 1;
	classes = {
	};
	objectVersion = 52;
	objects = {

/* Begin PBXBuildFile section */
		8B19D5322964EBE900F2DD0B /* BookView.swift in Sources */ = {isa = PBXBuildFile; fileRef = 8B19D5312964EBE900F2DD0B /* BookView.swift */; };
		8B19D5342969599F00F2DD0B /* BookPageView.swift in Sources */ = {isa = PBXBuildFile; fileRef = 8B19D5332969599F00F2DD0B /* BookPageView.swift */; };
		8B19D536296959C300F2DD0B /* SectionPageView.swift in Sources */ = {isa = PBXBuildFile; fileRef = 8B19D535296959C300F2DD0B /* SectionPageView.swift */; };
		8B19D538296959E300F2DD0B /* SongPageView.swift in Sources */ = {isa = PBXBuildFile; fileRef = 8B19D537296959E300F2DD0B /* SongPageView.swift */; };
		8B19D53A29695A3900F2DD0B /* PageModel.swift in Sources */ = {isa = PBXBuildFile; fileRef = 8B19D53929695A3900F2DD0B /* PageModel.swift */; };
		8B19D53C296CA0E700F2DD0B /* RedGradientView.swift in Sources */ = {isa = PBXBuildFile; fileRef = 8B19D53B296CA0E700F2DD0B /* RedGradientView.swift */; };
		8B6899CD295B9E97000525B4 /* Icon.png in Resources */ = {isa = PBXBuildFile; fileRef = 8B6899CC295B9E97000525B4 /* Icon.png */; };
		8B6899D3295BA328000525B4 /* BookModel in Frameworks */ = {isa = PBXBuildFile; productRef = 8B6899D2295BA328000525B4 /* BookModel */; };
		8B6899D829629F6C000525B4 /* default.songbook in Resources */ = {isa = PBXBuildFile; fileRef = 8B6899D729629F6C000525B4 /* default.songbook */; };
		8B6899DA2963D7AA000525B4 /* Theme.swift in Sources */ = {isa = PBXBuildFile; fileRef = 8B6899D92963D7AA000525B4 /* Theme.swift */; };
		8B7FE19925577DA500D64403 /* SongbookApp.swift in Sources */ = {isa = PBXBuildFile; fileRef = 8B7FE19825577DA500D64403 /* SongbookApp.swift */; };
		8B7FE19B25577DA500D64403 /* MainView.swift in Sources */ = {isa = PBXBuildFile; fileRef = 8B7FE19A25577DA500D64403 /* MainView.swift */; };
		8B7FE19D25577DA500D64403 /* Assets.xcassets in Resources */ = {isa = PBXBuildFile; fileRef = 8B7FE19C25577DA500D64403 /* Assets.xcassets */; };
		8B7FE1A025577DA500D64403 /* Preview Assets.xcassets in Resources */ = {isa = PBXBuildFile; fileRef = 8B7FE19F25577DA500D64403 /* Preview Assets.xcassets */; };
		8B7FE1B025577DA600D64403 /* SongbookTests.swift in Sources */ = {isa = PBXBuildFile; fileRef = 8B7FE1AF25577DA600D64403 /* SongbookTests.swift */; };
		8B7FE1BB25577DA600D64403 /* SongbookUITests.swift in Sources */ = {isa = PBXBuildFile; fileRef = 8B7FE1BA25577DA600D64403 /* SongbookUITests.swift */; };
/* End PBXBuildFile section */

/* Begin PBXContainerItemProxy section */
		8B7FE1AC25577DA600D64403 /* PBXContainerItemProxy */ = {
			isa = PBXContainerItemProxy;
			containerPortal = 8B7FE18D25577DA500D64403 /* Project object */;
			proxyType = 1;
			remoteGlobalIDString = 8B7FE19425577DA500D64403;
			remoteInfo = songbook;
		};
		8B7FE1B725577DA600D64403 /* PBXContainerItemProxy */ = {
			isa = PBXContainerItemProxy;
			containerPortal = 8B7FE18D25577DA500D64403 /* Project object */;
			proxyType = 1;
			remoteGlobalIDString = 8B7FE19425577DA500D64403;
			remoteInfo = songbook;
		};
/* End PBXContainerItemProxy section */

/* Begin PBXFileReference section */
		8B19D5312964EBE900F2DD0B /* BookView.swift */ = {isa = PBXFileReference; lastKnownFileType = sourcecode.swift; path = BookView.swift; sourceTree = "<group>"; };
		8B19D5332969599F00F2DD0B /* BookPageView.swift */ = {isa = PBXFileReference; lastKnownFileType = sourcecode.swift; path = BookPageView.swift; sourceTree = "<group>"; };
		8B19D535296959C300F2DD0B /* SectionPageView.swift */ = {isa = PBXFileReference; lastKnownFileType = sourcecode.swift; path = SectionPageView.swift; sourceTree = "<group>"; };
		8B19D537296959E300F2DD0B /* SongPageView.swift */ = {isa = PBXFileReference; lastKnownFileType = sourcecode.swift; path = SongPageView.swift; sourceTree = "<group>"; };
		8B19D53929695A3900F2DD0B /* PageModel.swift */ = {isa = PBXFileReference; lastKnownFileType = sourcecode.swift; path = PageModel.swift; sourceTree = "<group>"; };
		8B19D53B296CA0E700F2DD0B /* RedGradientView.swift */ = {isa = PBXFileReference; lastKnownFileType = sourcecode.swift; path = RedGradientView.swift; sourceTree = "<group>"; };
		8B6899CB295B8A1C000525B4 /* BookModel */ = {isa = PBXFileReference; lastKnownFileType = wrapper; path = BookModel; sourceTree = "<group>"; };
		8B6899CC295B9E97000525B4 /* Icon.png */ = {isa = PBXFileReference; lastKnownFileType = image.png; path = Icon.png; sourceTree = "<group>"; };
		8B6899D729629F6C000525B4 /* default.songbook */ = {isa = PBXFileReference; lastKnownFileType = file; path = default.songbook; sourceTree = "<group>"; };
		8B6899D92963D7AA000525B4 /* Theme.swift */ = {isa = PBXFileReference; fileEncoding = 4; lastKnownFileType = sourcecode.swift; path = Theme.swift; sourceTree = "<group>"; };
		8B7FE19525577DA500D64403 /* songbook.app */ = {isa = PBXFileReference; explicitFileType = wrapper.application; includeInIndex = 0; path = songbook.app; sourceTree = BUILT_PRODUCTS_DIR; };
		8B7FE19825577DA500D64403 /* SongbookApp.swift */ = {isa = PBXFileReference; lastKnownFileType = sourcecode.swift; path = SongbookApp.swift; sourceTree = "<group>"; };
		8B7FE19A25577DA500D64403 /* MainView.swift */ = {isa = PBXFileReference; lastKnownFileType = sourcecode.swift; path = MainView.swift; sourceTree = "<group>"; };
		8B7FE19C25577DA500D64403 /* Assets.xcassets */ = {isa = PBXFileReference; lastKnownFileType = folder.assetcatalog; path = Assets.xcassets; sourceTree = "<group>"; };
		8B7FE19F25577DA500D64403 /* Preview Assets.xcassets */ = {isa = PBXFileReference; lastKnownFileType = folder.assetcatalog; path = "Preview Assets.xcassets"; sourceTree = "<group>"; };
		8B7FE1A625577DA500D64403 /* Info.plist */ = {isa = PBXFileReference; lastKnownFileType = text.plist.xml; path = Info.plist; sourceTree = "<group>"; };
		8B7FE1AB25577DA600D64403 /* songbookTests.xctest */ = {isa = PBXFileReference; explicitFileType = wrapper.cfbundle; includeInIndex = 0; path = songbookTests.xctest; sourceTree = BUILT_PRODUCTS_DIR; };
		8B7FE1AF25577DA600D64403 /* SongbookTests.swift */ = {isa = PBXFileReference; lastKnownFileType = sourcecode.swift; path = SongbookTests.swift; sourceTree = "<group>"; };
		8B7FE1B125577DA600D64403 /* Info.plist */ = {isa = PBXFileReference; lastKnownFileType = text.plist.xml; path = Info.plist; sourceTree = "<group>"; };
		8B7FE1B625577DA600D64403 /* songbookUITests.xctest */ = {isa = PBXFileReference; explicitFileType = wrapper.cfbundle; includeInIndex = 0; path = songbookUITests.xctest; sourceTree = BUILT_PRODUCTS_DIR; };
		8B7FE1BA25577DA600D64403 /* SongbookUITests.swift */ = {isa = PBXFileReference; lastKnownFileType = sourcecode.swift; path = SongbookUITests.swift; sourceTree = "<group>"; };
		8B7FE1BC25577DA600D64403 /* Info.plist */ = {isa = PBXFileReference; lastKnownFileType = text.plist.xml; path = Info.plist; sourceTree = "<group>"; };
/* End PBXFileReference section */

/* Begin PBXFrameworksBuildPhase section */
		8B7FE19225577DA500D64403 /* Frameworks */ = {
			isa = PBXFrameworksBuildPhase;
			buildActionMask = 2147483647;
			files = (
				8B6899D3295BA328000525B4 /* BookModel in Frameworks */,
			);
			runOnlyForDeploymentPostprocessing = 0;
		};
		8B7FE1A825577DA600D64403 /* Frameworks */ = {
			isa = PBXFrameworksBuildPhase;
			buildActionMask = 2147483647;
			files = (
			);
			runOnlyForDeploymentPostprocessing = 0;
		};
		8B7FE1B325577DA600D64403 /* Frameworks */ = {
			isa = PBXFrameworksBuildPhase;
			buildActionMask = 2147483647;
			files = (
			);
			runOnlyForDeploymentPostprocessing = 0;
		};
/* End PBXFrameworksBuildPhase section */

/* Begin PBXGroup section */
		8B6899CA295B8A1C000525B4 /* Packages */ = {
			isa = PBXGroup;
			children = (
				8B6899CB295B8A1C000525B4 /* BookModel */,
			);
			name = Packages;
			sourceTree = "<group>";
		};
		8B7FE18C25577DA500D64403 = {
			isa = PBXGroup;
			children = (
				8B7FE19725577DA500D64403 /* songbook */,
				8B7FE1AE25577DA600D64403 /* songbookTests */,
				8B7FE1B925577DA600D64403 /* songbookUITests */,
				8B7FE19625577DA500D64403 /* Products */,
				8B6899CA295B8A1C000525B4 /* Packages */,
			);
			sourceTree = "<group>";
		};
		8B7FE19625577DA500D64403 /* Products */ = {
			isa = PBXGroup;
			children = (
				8B7FE19525577DA500D64403 /* songbook.app */,
				8B7FE1AB25577DA600D64403 /* songbookTests.xctest */,
				8B7FE1B625577DA600D64403 /* songbookUITests.xctest */,
			);
			name = Products;
			sourceTree = "<group>";
		};
		8B7FE19725577DA500D64403 /* songbook */ = {
			isa = PBXGroup;
			children = (
				8B7FE1E72558BA9E00D64403 /* Supporting Files */,
				8B7FE19A25577DA500D64403 /* MainView.swift */,
				8B19D53B296CA0E700F2DD0B /* RedGradientView.swift */,
				8B19D5312964EBE900F2DD0B /* BookView.swift */,
				8B19D53929695A3900F2DD0B /* PageModel.swift */,
				8B19D5332969599F00F2DD0B /* BookPageView.swift */,
				8B19D535296959C300F2DD0B /* SectionPageView.swift */,
				8B19D537296959E300F2DD0B /* SongPageView.swift */,
			);
			path = songbook;
			sourceTree = "<group>";
		};
		8B7FE19E25577DA500D64403 /* Preview Content */ = {
			isa = PBXGroup;
			children = (
				8B7FE19F25577DA500D64403 /* Preview Assets.xcassets */,
			);
			path = "Preview Content";
			sourceTree = "<group>";
		};
		8B7FE1AE25577DA600D64403 /* songbookTests */ = {
			isa = PBXGroup;
			children = (
				8B7FE1AF25577DA600D64403 /* SongbookTests.swift */,
				8B7FE1B125577DA600D64403 /* Info.plist */,
			);
			path = songbookTests;
			sourceTree = "<group>";
		};
		8B7FE1B925577DA600D64403 /* songbookUITests */ = {
			isa = PBXGroup;
			children = (
				8B7FE1BA25577DA600D64403 /* SongbookUITests.swift */,
				8B7FE1BC25577DA600D64403 /* Info.plist */,
			);
			path = songbookUITests;
			sourceTree = "<group>";
		};
		8B7FE1E72558BA9E00D64403 /* Supporting Files */ = {
			isa = PBXGroup;
			children = (
				8B7FE19E25577DA500D64403 /* Preview Content */,
				8B7FE19C25577DA500D64403 /* Assets.xcassets */,
				8B6899D729629F6C000525B4 /* default.songbook */,
				8B6899CC295B9E97000525B4 /* Icon.png */,
				8B7FE1A625577DA500D64403 /* Info.plist */,
				8B7FE19825577DA500D64403 /* SongbookApp.swift */,
				8B6899D92963D7AA000525B4 /* Theme.swift */,
			);
			path = "Supporting Files";
			sourceTree = "<group>";
		};
/* End PBXGroup section */

/* Begin PBXNativeTarget section */
		8B7FE19425577DA500D64403 /* songbook */ = {
			isa = PBXNativeTarget;
			buildConfigurationList = 8B7FE1BF25577DA600D64403 /* Build configuration list for PBXNativeTarget "songbook" */;
			buildPhases = (
				8B7FE19125577DA500D64403 /* Sources */,
				8B7FE19225577DA500D64403 /* Frameworks */,
				8B7FE19325577DA500D64403 /* Resources */,
			);
			buildRules = (
			);
			dependencies = (
			);
			name = songbook;
			packageProductDependencies = (
				8B6899D2295BA328000525B4 /* BookModel */,
			);
			productName = songbook;
			productReference = 8B7FE19525577DA500D64403 /* songbook.app */;
			productType = "com.apple.product-type.application";
		};
		8B7FE1AA25577DA600D64403 /* songbookTests */ = {
			isa = PBXNativeTarget;
			buildConfigurationList = 8B7FE1C225577DA600D64403 /* Build configuration list for PBXNativeTarget "songbookTests" */;
			buildPhases = (
				8B7FE1A725577DA600D64403 /* Sources */,
				8B7FE1A825577DA600D64403 /* Frameworks */,
				8B7FE1A925577DA600D64403 /* Resources */,
			);
			buildRules = (
			);
			dependencies = (
				8B7FE1AD25577DA600D64403 /* PBXTargetDependency */,
			);
			name = songbookTests;
			productName = songbookTests;
			productReference = 8B7FE1AB25577DA600D64403 /* songbookTests.xctest */;
			productType = "com.apple.product-type.bundle.unit-test";
		};
		8B7FE1B525577DA600D64403 /* songbookUITests */ = {
			isa = PBXNativeTarget;
			buildConfigurationList = 8B7FE1C525577DA600D64403 /* Build configuration list for PBXNativeTarget "songbookUITests" */;
			buildPhases = (
				8B7FE1B225577DA600D64403 /* Sources */,
				8B7FE1B325577DA600D64403 /* Frameworks */,
				8B7FE1B425577DA600D64403 /* Resources */,
			);
			buildRules = (
			);
			dependencies = (
				8B7FE1B825577DA600D64403 /* PBXTargetDependency */,
			);
			name = songbookUITests;
			productName = songbookUITests;
			productReference = 8B7FE1B625577DA600D64403 /* songbookUITests.xctest */;
			productType = "com.apple.product-type.bundle.ui-testing";
		};
/* End PBXNativeTarget section */

/* Begin PBXProject section */
		8B7FE18D25577DA500D64403 /* Project object */ = {
			isa = PBXProject;
			attributes = {
				LastSwiftUpdateCheck = 1210;
				LastUpgradeCheck = 1210;
				TargetAttributes = {
					8B7FE19425577DA500D64403 = {
						CreatedOnToolsVersion = 12.1.1;
					};
					8B7FE1AA25577DA600D64403 = {
						CreatedOnToolsVersion = 12.1.1;
						TestTargetID = 8B7FE19425577DA500D64403;
					};
					8B7FE1B525577DA600D64403 = {
						CreatedOnToolsVersion = 12.1.1;
						TestTargetID = 8B7FE19425577DA500D64403;
					};
				};
			};
			buildConfigurationList = 8B7FE19025577DA500D64403 /* Build configuration list for PBXProject "songbook" */;
			compatibilityVersion = "Xcode 9.3";
			developmentRegion = en;
			hasScannedForEncodings = 0;
			knownRegions = (
				en,
				Base,
			);
			mainGroup = 8B7FE18C25577DA500D64403;
			productRefGroup = 8B7FE19625577DA500D64403 /* Products */;
			projectDirPath = "";
			projectRoot = "";
			targets = (
				8B7FE19425577DA500D64403 /* songbook */,
				8B7FE1AA25577DA600D64403 /* songbookTests */,
				8B7FE1B525577DA600D64403 /* songbookUITests */,
			);
		};
/* End PBXProject section */

/* Begin PBXResourcesBuildPhase section */
		8B7FE19325577DA500D64403 /* Resources */ = {
			isa = PBXResourcesBuildPhase;
			buildActionMask = 2147483647;
			files = (
				8B6899CD295B9E97000525B4 /* Icon.png in Resources */,
				8B6899D829629F6C000525B4 /* default.songbook in Resources */,
				8B7FE1A025577DA500D64403 /* Preview Assets.xcassets in Resources */,
				8B7FE19D25577DA500D64403 /* Assets.xcassets in Resources */,
			);
			runOnlyForDeploymentPostprocessing = 0;
		};
		8B7FE1A925577DA600D64403 /* Resources */ = {
			isa = PBXResourcesBuildPhase;
			buildActionMask = 2147483647;
			files = (
			);
			runOnlyForDeploymentPostprocessing = 0;
		};
		8B7FE1B425577DA600D64403 /* Resources */ = {
			isa = PBXResourcesBuildPhase;
			buildActionMask = 2147483647;
			files = (
			);
			runOnlyForDeploymentPostprocessing = 0;
		};
/* End PBXResourcesBuildPhase section */

/* Begin PBXSourcesBuildPhase section */
		8B7FE19125577DA500D64403 /* Sources */ = {
			isa = PBXSourcesBuildPhase;
			buildActionMask = 2147483647;
			files = (
				8B19D5322964EBE900F2DD0B /* BookView.swift in Sources */,
				8B6899DA2963D7AA000525B4 /* Theme.swift in Sources */,
				8B19D536296959C300F2DD0B /* SectionPageView.swift in Sources */,
				8B19D5342969599F00F2DD0B /* BookPageView.swift in Sources */,
				8B19D53A29695A3900F2DD0B /* PageModel.swift in Sources */,
				8B19D538296959E300F2DD0B /* SongPageView.swift in Sources */,
				8B7FE19B25577DA500D64403 /* MainView.swift in Sources */,
				8B7FE19925577DA500D64403 /* SongbookApp.swift in Sources */,
				8B19D53C296CA0E700F2DD0B /* RedGradientView.swift in Sources */,
			);
			runOnlyForDeploymentPostprocessing = 0;
		};
		8B7FE1A725577DA600D64403 /* Sources */ = {
			isa = PBXSourcesBuildPhase;
			buildActionMask = 2147483647;
			files = (
				8B7FE1B025577DA600D64403 /* SongbookTests.swift in Sources */,
			);
			runOnlyForDeploymentPostprocessing = 0;
		};
		8B7FE1B225577DA600D64403 /* Sources */ = {
			isa = PBXSourcesBuildPhase;
			buildActionMask = 2147483647;
			files = (
				8B7FE1BB25577DA600D64403 /* SongbookUITests.swift in Sources */,
			);
			runOnlyForDeploymentPostprocessing = 0;
		};
/* End PBXSourcesBuildPhase section */

/* Begin PBXTargetDependency section */
		8B7FE1AD25577DA600D64403 /* PBXTargetDependency */ = {
			isa = PBXTargetDependency;
			target = 8B7FE19425577DA500D64403 /* songbook */;
			targetProxy = 8B7FE1AC25577DA600D64403 /* PBXContainerItemProxy */;
		};
		8B7FE1B825577DA600D64403 /* PBXTargetDependency */ = {
			isa = PBXTargetDependency;
			target = 8B7FE19425577DA500D64403 /* songbook */;
			targetProxy = 8B7FE1B725577DA600D64403 /* PBXContainerItemProxy */;
		};
/* End PBXTargetDependency section */

/* Begin XCBuildConfiguration section */
		8B7FE1BD25577DA600D64403 /* Debug */ = {
			isa = XCBuildConfiguration;
			buildSettings = {
				ALWAYS_SEARCH_USER_PATHS = NO;
				CLANG_ANALYZER_NONNULL = YES;
				CLANG_ANALYZER_NUMBER_OBJECT_CONVERSION = YES_AGGRESSIVE;
				CLANG_CXX_LANGUAGE_STANDARD = "gnu++14";
				CLANG_CXX_LIBRARY = "libc++";
				CLANG_ENABLE_MODULES = YES;
				CLANG_ENABLE_OBJC_ARC = YES;
				CLANG_ENABLE_OBJC_WEAK = YES;
				CLANG_WARN_BLOCK_CAPTURE_AUTORELEASING = YES;
				CLANG_WARN_BOOL_CONVERSION = YES;
				CLANG_WARN_COMMA = YES;
				CLANG_WARN_CONSTANT_CONVERSION = YES;
				CLANG_WARN_DEPRECATED_OBJC_IMPLEMENTATIONS = YES;
				CLANG_WARN_DIRECT_OBJC_ISA_USAGE = YES_ERROR;
				CLANG_WARN_DOCUMENTATION_COMMENTS = YES;
				CLANG_WARN_EMPTY_BODY = YES;
				CLANG_WARN_ENUM_CONVERSION = YES;
				CLANG_WARN_INFINITE_RECURSION = YES;
				CLANG_WARN_INT_CONVERSION = YES;
				CLANG_WARN_NON_LITERAL_NULL_CONVERSION = YES;
				CLANG_WARN_OBJC_IMPLICIT_RETAIN_SELF = YES;
				CLANG_WARN_OBJC_LITERAL_CONVERSION = YES;
				CLANG_WARN_OBJC_ROOT_CLASS = YES_ERROR;
				CLANG_WARN_QUOTED_INCLUDE_IN_FRAMEWORK_HEADER = YES;
				CLANG_WARN_RANGE_LOOP_ANALYSIS = YES;
				CLANG_WARN_STRICT_PROTOTYPES = YES;
				CLANG_WARN_SUSPICIOUS_MOVE = YES;
				CLANG_WARN_UNGUARDED_AVAILABILITY = YES_AGGRESSIVE;
				CLANG_WARN_UNREACHABLE_CODE = YES;
				CLANG_WARN__DUPLICATE_METHOD_MATCH = YES;
				COPY_PHASE_STRIP = NO;
				DEBUG_INFORMATION_FORMAT = dwarf;
				ENABLE_STRICT_OBJC_MSGSEND = YES;
				ENABLE_TESTABILITY = YES;
				GCC_C_LANGUAGE_STANDARD = gnu11;
				GCC_DYNAMIC_NO_PIC = NO;
				GCC_NO_COMMON_BLOCKS = YES;
				GCC_OPTIMIZATION_LEVEL = 0;
				GCC_PREPROCESSOR_DEFINITIONS = (
					"DEBUG=1",
					"$(inherited)",
				);
				GCC_WARN_64_TO_32_BIT_CONVERSION = YES;
				GCC_WARN_ABOUT_RETURN_TYPE = YES_ERROR;
				GCC_WARN_UNDECLARED_SELECTOR = YES;
				GCC_WARN_UNINITIALIZED_AUTOS = YES_AGGRESSIVE;
				GCC_WARN_UNUSED_FUNCTION = YES;
				GCC_WARN_UNUSED_VARIABLE = YES;
				IPHONEOS_DEPLOYMENT_TARGET = 14.2;
				MTL_ENABLE_DEBUG_INFO = INCLUDE_SOURCE;
				MTL_FAST_MATH = YES;
				ONLY_ACTIVE_ARCH = YES;
				SDKROOT = iphoneos;
				SWIFT_ACTIVE_COMPILATION_CONDITIONS = DEBUG;
				SWIFT_OPTIMIZATION_LEVEL = "-Onone";
			};
			name = Debug;
		};
		8B7FE1BE25577DA600D64403 /* Release */ = {
			isa = XCBuildConfiguration;
			buildSettings = {
				ALWAYS_SEARCH_USER_PATHS = NO;
				CLANG_ANALYZER_NONNULL = YES;
				CLANG_ANALYZER_NUMBER_OBJECT_CONVERSION = YES_AGGRESSIVE;
				CLANG_CXX_LANGUAGE_STANDARD = "gnu++14";
				CLANG_CXX_LIBRARY = "libc++";
				CLANG_ENABLE_MODULES = YES;
				CLANG_ENABLE_OBJC_ARC = YES;
				CLANG_ENABLE_OBJC_WEAK = YES;
				CLANG_WARN_BLOCK_CAPTURE_AUTORELEASING = YES;
				CLANG_WARN_BOOL_CONVERSION = YES;
				CLANG_WARN_COMMA = YES;
				CLANG_WARN_CONSTANT_CONVERSION = YES;
				CLANG_WARN_DEPRECATED_OBJC_IMPLEMENTATIONS = YES;
				CLANG_WARN_DIRECT_OBJC_ISA_USAGE = YES_ERROR;
				CLANG_WARN_DOCUMENTATION_COMMENTS = YES;
				CLANG_WARN_EMPTY_BODY = YES;
				CLANG_WARN_ENUM_CONVERSION = YES;
				CLANG_WARN_INFINITE_RECURSION = YES;
				CLANG_WARN_INT_CONVERSION = YES;
				CLANG_WARN_NON_LITERAL_NULL_CONVERSION = YES;
				CLANG_WARN_OBJC_IMPLICIT_RETAIN_SELF = YES;
				CLANG_WARN_OBJC_LITERAL_CONVERSION = YES;
				CLANG_WARN_OBJC_ROOT_CLASS = YES_ERROR;
				CLANG_WARN_QUOTED_INCLUDE_IN_FRAMEWORK_HEADER = YES;
				CLANG_WARN_RANGE_LOOP_ANALYSIS = YES;
				CLANG_WARN_STRICT_PROTOTYPES = YES;
				CLANG_WARN_SUSPICIOUS_MOVE = YES;
				CLANG_WARN_UNGUARDED_AVAILABILITY = YES_AGGRESSIVE;
				CLANG_WARN_UNREACHABLE_CODE = YES;
				CLANG_WARN__DUPLICATE_METHOD_MATCH = YES;
				COPY_PHASE_STRIP = NO;
				DEBUG_INFORMATION_FORMAT = "dwarf-with-dsym";
				ENABLE_NS_ASSERTIONS = NO;
				ENABLE_STRICT_OBJC_MSGSEND = YES;
				GCC_C_LANGUAGE_STANDARD = gnu11;
				GCC_NO_COMMON_BLOCKS = YES;
				GCC_WARN_64_TO_32_BIT_CONVERSION = YES;
				GCC_WARN_ABOUT_RETURN_TYPE = YES_ERROR;
				GCC_WARN_UNDECLARED_SELECTOR = YES;
				GCC_WARN_UNINITIALIZED_AUTOS = YES_AGGRESSIVE;
				GCC_WARN_UNUSED_FUNCTION = YES;
				GCC_WARN_UNUSED_VARIABLE = YES;
				IPHONEOS_DEPLOYMENT_TARGET = 14.2;
				MTL_ENABLE_DEBUG_INFO = NO;
				MTL_FAST_MATH = YES;
				SDKROOT = iphoneos;
				SWIFT_COMPILATION_MODE = wholemodule;
				SWIFT_OPTIMIZATION_LEVEL = "-O";
				VALIDATE_PRODUCT = YES;
			};
			name = Release;
		};
		8B7FE1C025577DA600D64403 /* Debug */ = {
			isa = XCBuildConfiguration;
			buildSettings = {
				ASSETCATALOG_COMPILER_APPICON_NAME = AppIcon;
				ASSETCATALOG_COMPILER_GLOBAL_ACCENT_COLOR_NAME = AccentColor;
				CODE_SIGN_STYLE = Automatic;
				DEVELOPMENT_ASSET_PATHS = "\"songbook/Supporting Files/Preview Content\"";
				DEVELOPMENT_TEAM = U48P68REXM;
				ENABLE_PREVIEWS = YES;
				INFOPLIST_FILE = "songbook/Supporting Files/Info.plist";
				IPHONEOS_DEPLOYMENT_TARGET = 16.0;
				LD_RUNPATH_SEARCH_PATHS = (
					"$(inherited)",
					"@executable_path/Frameworks",
				);
				PRODUCT_BUNDLE_IDENTIFIER = com.paulhimes.songbooktest;
				PRODUCT_NAME = "$(TARGET_NAME)";
				SWIFT_VERSION = 5.0;
				TARGETED_DEVICE_FAMILY = "1,2";
			};
			name = Debug;
		};
		8B7FE1C125577DA600D64403 /* Release */ = {
			isa = XCBuildConfiguration;
			buildSettings = {
				ASSETCATALOG_COMPILER_APPICON_NAME = AppIcon;
				ASSETCATALOG_COMPILER_GLOBAL_ACCENT_COLOR_NAME = AccentColor;
				CODE_SIGN_STYLE = Automatic;
				DEVELOPMENT_ASSET_PATHS = "\"songbook/Supporting Files/Preview Content\"";
				DEVELOPMENT_TEAM = U48P68REXM;
				ENABLE_PREVIEWS = YES;
				INFOPLIST_FILE = "songbook/Supporting Files/Info.plist";
				IPHONEOS_DEPLOYMENT_TARGET = 16.0;
				LD_RUNPATH_SEARCH_PATHS = (
					"$(inherited)",
					"@executable_path/Frameworks",
				);
				PRODUCT_BUNDLE_IDENTIFIER = com.paulhimes.songbooktest;
				PRODUCT_NAME = "$(TARGET_NAME)";
				SWIFT_VERSION = 5.0;
				TARGETED_DEVICE_FAMILY = "1,2";
			};
			name = Release;
		};
		8B7FE1C325577DA600D64403 /* Debug */ = {
			isa = XCBuildConfiguration;
			buildSettings = {
				ALWAYS_EMBED_SWIFT_STANDARD_LIBRARIES = YES;
				BUNDLE_LOADER = "$(TEST_HOST)";
				CODE_SIGN_STYLE = Automatic;
				DEVELOPMENT_TEAM = U48P68REXM;
				INFOPLIST_FILE = songbookTests/Info.plist;
				IPHONEOS_DEPLOYMENT_TARGET = 14.0;
				LD_RUNPATH_SEARCH_PATHS = (
					"$(inherited)",
					"@executable_path/Frameworks",
					"@loader_path/Frameworks",
				);
				PRODUCT_BUNDLE_IDENTIFIER = com.paulhimes.songbookTests;
				PRODUCT_NAME = "$(TARGET_NAME)";
				SWIFT_VERSION = 5.0;
				TARGETED_DEVICE_FAMILY = "1,2";
				TEST_HOST = "$(BUILT_PRODUCTS_DIR)/songbook.app/songbook";
			};
			name = Debug;
		};
		8B7FE1C425577DA600D64403 /* Release */ = {
			isa = XCBuildConfiguration;
			buildSettings = {
				ALWAYS_EMBED_SWIFT_STANDARD_LIBRARIES = YES;
				BUNDLE_LOADER = "$(TEST_HOST)";
				CODE_SIGN_STYLE = Automatic;
				DEVELOPMENT_TEAM = U48P68REXM;
				INFOPLIST_FILE = songbookTests/Info.plist;
				IPHONEOS_DEPLOYMENT_TARGET = 14.0;
				LD_RUNPATH_SEARCH_PATHS = (
					"$(inherited)",
					"@executable_path/Frameworks",
					"@loader_path/Frameworks",
				);
				PRODUCT_BUNDLE_IDENTIFIER = com.paulhimes.songbookTests;
				PRODUCT_NAME = "$(TARGET_NAME)";
				SWIFT_VERSION = 5.0;
				TARGETED_DEVICE_FAMILY = "1,2";
				TEST_HOST = "$(BUILT_PRODUCTS_DIR)/songbook.app/songbook";
			};
			name = Release;
		};
		8B7FE1C625577DA600D64403 /* Debug */ = {
			isa = XCBuildConfiguration;
			buildSettings = {
				ALWAYS_EMBED_SWIFT_STANDARD_LIBRARIES = YES;
				CODE_SIGN_STYLE = Automatic;
				DEVELOPMENT_TEAM = U48P68REXM;
				INFOPLIST_FILE = songbookUITests/Info.plist;
				LD_RUNPATH_SEARCH_PATHS = (
					"$(inherited)",
					"@executable_path/Frameworks",
					"@loader_path/Frameworks",
				);
				PRODUCT_BUNDLE_IDENTIFIER = com.paulhimes.songbookUITests;
				PRODUCT_NAME = "$(TARGET_NAME)";
				SWIFT_VERSION = 5.0;
				TARGETED_DEVICE_FAMILY = "1,2";
				TEST_TARGET_NAME = songbook;
			};
			name = Debug;
		};
		8B7FE1C725577DA600D64403 /* Release */ = {
			isa = XCBuildConfiguration;
			buildSettings = {
				ALWAYS_EMBED_SWIFT_STANDARD_LIBRARIES = YES;
				CODE_SIGN_STYLE = Automatic;
				DEVELOPMENT_TEAM = U48P68REXM;
				INFOPLIST_FILE = songbookUITests/Info.plist;
				LD_RUNPATH_SEARCH_PATHS = (
					"$(inherited)",
					"@executable_path/Frameworks",
					"@loader_path/Frameworks",
				);
				PRODUCT_BUNDLE_IDENTIFIER = com.paulhimes.songbookUITests;
				PRODUCT_NAME = "$(TARGET_NAME)";
				SWIFT_VERSION = 5.0;
				TARGETED_DEVICE_FAMILY = "1,2";
				TEST_TARGET_NAME = songbook;
			};
			name = Release;
		};
/* End XCBuildConfiguration section */

/* Begin XCConfigurationList section */
		8B7FE19025577DA500D64403 /* Build configuration list for PBXProject "songbook" */ = {
			isa = XCConfigurationList;
			buildConfigurations = (
				8B7FE1BD25577DA600D64403 /* Debug */,
				8B7FE1BE25577DA600D64403 /* Release */,
			);
			defaultConfigurationIsVisible = 0;
			defaultConfigurationName = Release;
		};
		8B7FE1BF25577DA600D64403 /* Build configuration list for PBXNativeTarget "songbook" */ = {
			isa = XCConfigurationList;
			buildConfigurations = (
				8B7FE1C025577DA600D64403 /* Debug */,
				8B7FE1C125577DA600D64403 /* Release */,
			);
			defaultConfigurationIsVisible = 0;
			defaultConfigurationName = Release;
		};
		8B7FE1C225577DA600D64403 /* Build configuration list for PBXNativeTarget "songbookTests" */ = {
			isa = XCConfigurationList;
			buildConfigurations = (
				8B7FE1C325577DA600D64403 /* Debug */,
				8B7FE1C425577DA600D64403 /* Release */,
			);
			defaultConfigurationIsVisible = 0;
			defaultConfigurationName = Release;
		};
		8B7FE1C525577DA600D64403 /* Build configuration list for PBXNativeTarget "songbookUITests" */ = {
			isa = XCConfigurationList;
			buildConfigurations = (
				8B7FE1C625577DA600D64403 /* Debug */,
				8B7FE1C725577DA600D64403 /* Release */,
			);
			defaultConfigurationIsVisible = 0;
			defaultConfigurationName = Release;
		};
/* End XCConfigurationList section */

/* Begin XCSwiftPackageProductDependency section */
		8B6899D2295BA328000525B4 /* BookModel */ = {
			isa = XCSwiftPackageProductDependency;
			productName = BookModel;
		};
/* End XCSwiftPackageProductDependency section */
	};
	rootObject = 8B7FE18D25577DA500D64403 /* Project object */;
}
